Microsoft Visual Studio Solution File, Format Version 12.00
# Visual Studio Version 17
VisualStudioVersion = 17.0.32112.339
MinimumVisualStudioVersion = 10.0.40219.1
Project("{8BC9CEB8-8B4A-11D0-8D11-00A0C91BC942}") = "CWebBrowser", "CWebBrowser\CWebBrowser.vcxproj", "{D64AE35F-F982-46D4-8E38-09E5C9752955}"
EndProject
Project("{8BC9CEB8-8B4A-11D0-8D11-00A0C91BC942}") = "EffectLib", "EffectLib\EffectLib.vcxproj", "{790B152D-6582-467F-B767-8603C5A9E613}"
EndProject
Project("{8BC9CEB8-8B4A-11D0-8D11-00A0C91BC942}") = "EterPack", "EterPack\EterPack.vcxproj", "{4950BA04-3877-4F66-BCA0-60E00DE3770B}"
EndProject
Project("{8BC9CEB8-8B4A-11D0-8D11-00A0C91BC942}") = "PRTerrainLib", "PRTerrainLib\PRTerrainLib.vcxproj", "{8B1D0DDE-A521-4EB2-9544-F606376278CC}"
EndProject
Project("{8BC9CEB8-8B4A-11D0-8D11-00A0C91BC942}") = "SpeedTreeLib", "SpeedTreeLib\SpeedTreeLib.vcxproj", "{0FDDD886-1EB5-4655-80C3-EF08087FAEFD}"
EndProject
Project("{8BC9CEB8-8B4A-11D0-8D11-00A0C91BC942}") = "SphereLib", "SphereLib\SphereLib.vcxproj", "{A5D7AF9F-0A4F-4ED3-B209-2553B1ADD17D}"
EndProject
Project("{8BC9CEB8-8B4A-11D0-8D11-00A0C91BC942}") = "UserInterface", "UserInterface\UserInterface.vcxproj", "{F6CEB04C-4403-4CD4-84A2-D6A372BD4334}"
EndProject
Project("{8BC9CEB8-8B4A-11D0-8D11-00A0C91BC942}") = "EterBase", "EterBase\eterBase.vcxproj", "{678C47DC-B3EF-460E-A932-56F3208FC65E}"
EndProject
Project("{8BC9CEB8-8B4A-11D0-8D11-00A0C91BC942}") = "EterGrnLib", "eterGrnLib\eterGrnLib.vcxproj", "{E1FF7630-628F-4AD0-BF66-F14D86A04035}"
EndProject
Project("{8BC9CEB8-8B4A-11D0-8D11-00A0C91BC942}") = "EterImageLib", "eterImageLib\eterImageLib.vcxproj", "{FE95382C-8E3E-40AC-8060-634D1A0D4CF5}"
EndProject
Project("{8BC9CEB8-8B4A-11D0-8D11-00A0C91BC942}") = "EterPythonLib", "eterPythonLib\eterPythonLib.vcxproj", "{24516A87-8544-46A9-A0C8-0A01269642D9}"
EndProject
Project("{8BC9CEB8-8B4A-11D0-8D11-00A0C91BC942}") = "EterLib", "EterLib\eterlib.vcxproj", "{887F89DF-A1A2-47DF-A869-F3FC84704E3E}"
EndProject
Project("{8BC9CEB8-8B4A-11D0-8D11-00A0C91BC942}") = "GameLib", "GameLib\gamelib.vcxproj", "{1801F0ED-7DE6-4175-BF25-6FA98AAA350B}"
EndProject
Project("{8BC9CEB8-8B4A-11D0-8D11-00A0C91BC942}") = "MilesLib", "MilesLib\mileslib.vcxproj", "{9189BA90-1997-4B47-A673-A54C7DF4A4F7}"
EndProject
Project("{8BC9CEB8-8B4A-11D0-8D11-00A0C91BC942}") = "ScriptLib", "scriptLib\scriptLib.vcxproj", "{E682CEA2-1D79-4DE9-A2CE-6AED27E4170E}"
EndProject
Project("{8BC9CEB8-8B4A-11D0-8D11-00A0C91BC942}") = "EterLocale", "EterLocale\EterLocale.vcxproj", "{05207E97-C83A-49C6-8E08-403679963A7B}"
EndProject
Project("{2150E333-8FDC-42A3-9474-1A3956D46DE8}") = "root", "root", "{A4D4BE22-A32F-4F31-A6F1-07E3341BFBCE}"
	ProjectSection(SolutionItems) = preProject
		..\..\Project_Client\pack\root\colorInfo.py = ..\..\Project_Client\pack\root\colorInfo.py
		..\..\Project_Client\pack\root\consoleModule.py = ..\..\Project_Client\pack\root\consoleModule.py
		..\..\Project_Client\pack\root\constInfo.py = ..\..\Project_Client\pack\root\constInfo.py
		..\..\Project_Client\pack\root\debugInfo.py = ..\..\Project_Client\pack\root\debugInfo.py
		..\..\Project_Client\pack\root\dragon_soul_refine_settings.py = ..\..\Project_Client\pack\root\dragon_soul_refine_settings.py
		..\..\Project_Client\pack\root\emotion.py = ..\..\Project_Client\pack\root\emotion.py
		..\..\Project_Client\pack\root\exception.py = ..\..\Project_Client\pack\root\exception.py
		..\..\Project_Client\pack\root\game.py = ..\..\Project_Client\pack\root\game.py
		..\..\Project_Client\pack\root\interfaceModule.py = ..\..\Project_Client\pack\root\interfaceModule.py
		..\..\Project_Client\pack\root\introEmpire.py = ..\..\Project_Client\pack\root\introEmpire.py
		..\..\Project_Client\pack\root\introLoading.py = ..\..\Project_Client\pack\root\introLoading.py
		..\..\Project_Client\pack\root\introLogin.py = ..\..\Project_Client\pack\root\introLogin.py
		..\..\Project_Client\pack\root\introLogo.py = ..\..\Project_Client\pack\root\introLogo.py
		..\..\Project_Client\pack\root\LoaderGUI.py = ..\..\Project_Client\pack\root\LoaderGUI.py
		..\..\Project_Client\pack\root\localeInfo.py = ..\..\Project_Client\pack\root\localeInfo.py
		..\..\Project_Client\pack\root\mouseModule.py = ..\..\Project_Client\pack\root\mouseModule.py
		..\..\Project_Client\pack\root\musicInfo.py = ..\..\Project_Client\pack\root\musicInfo.py
		..\..\Project_Client\pack\root\networkModule.py = ..\..\Project_Client\pack\root\networkModule.py
		..\..\Project_Client\pack\root\New_IntroCreate.py = ..\..\Project_Client\pack\root\New_IntroCreate.py
		..\..\Project_Client\pack\root\New_introSelect.py = ..\..\Project_Client\pack\root\New_introSelect.py
		..\..\Project_Client\pack\root\playerSettingModule.py = ..\..\Project_Client\pack\root\playerSettingModule.py
		..\..\Project_Client\pack\root\Prototype.py = ..\..\Project_Client\pack\root\Prototype.py
		..\..\Project_Client\pack\root\serverCommandParser.py = ..\..\Project_Client\pack\root\serverCommandParser.py
		..\..\Project_Client\pack\root\serverInfo.py = ..\..\Project_Client\pack\root\serverInfo.py
		..\..\Project_Client\pack\root\stringCommander.py = ..\..\Project_Client\pack\root\stringCommander.py
		..\..\Project_Client\pack\root\system.py = ..\..\Project_Client\pack\root\system.py
		..\..\Project_Client\pack\root\test_affect.py = ..\..\Project_Client\pack\root\test_affect.py
		..\..\Project_Client\pack\root\ui.py = ..\..\Project_Client\pack\root\ui.py
		..\..\Project_Client\pack\root\ui12zi.py = ..\..\Project_Client\pack\root\ui12zi.py
		..\..\Project_Client\pack\root\uiAcce.py = ..\..\Project_Client\pack\root\uiAcce.py
		..\..\Project_Client\pack\root\uiAchievementSystem.py = ..\..\Project_Client\pack\root\uiAchievementSystem.py
		..\..\Project_Client\pack\root\uiAchievementWrapper.py = ..\..\Project_Client\pack\root\uiAchievementWrapper.py
		..\..\Project_Client\pack\root\uiAffectShower.py = ..\..\Project_Client\pack\root\uiAffectShower.py
		..\..\Project_Client\pack\root\uiAttachMetin.py = ..\..\Project_Client\pack\root\uiAttachMetin.py
		..\..\Project_Client\pack\root\uiAttr67Add.py = ..\..\Project_Client\pack\root\uiAttr67Add.py
		..\..\Project_Client\pack\root\uiAuction.py = ..\..\Project_Client\pack\root\uiAuction.py
		..\..\Project_Client\pack\root\uiAura.py = ..\..\Project_Client\pack\root\uiAura.py
		..\..\Project_Client\pack\root\uiAuto.py = ..\..\Project_Client\pack\root\uiAuto.py
		..\..\Project_Client\pack\root\uiAutoban.py = ..\..\Project_Client\pack\root\uiAutoban.py
		..\..\Project_Client\pack\root\uiBattleField.py = ..\..\Project_Client\pack\root\uiBattleField.py
		..\..\Project_Client\pack\root\uiBattlePass.py = ..\..\Project_Client\pack\root\uiBattlePass.py
		..\..\Project_Client\pack\root\uiBiologManager.py = ..\..\Project_Client\pack\root\uiBiologManager.py
		..\..\Project_Client\pack\root\uiCandidate.py = ..\..\Project_Client\pack\root\uiCandidate.py
		..\..\Project_Client\pack\root\uiChangeLook.py = ..\..\Project_Client\pack\root\uiChangeLook.py
		..\..\Project_Client\pack\root\uiCharacter.py = ..\..\Project_Client\pack\root\uiCharacter.py
		..\..\Project_Client\pack\root\uiCharacterDetails.py = ..\..\Project_Client\pack\root\uiCharacterDetails.py
		..\..\Project_Client\pack\root\uiChat.py = ..\..\Project_Client\pack\root\uiChat.py
		..\..\Project_Client\pack\root\uiCommon.py = ..\..\Project_Client\pack\root\uiCommon.py
		..\..\Project_Client\pack\root\uiCube.py = ..\..\Project_Client\pack\root\uiCube.py
		..\..\Project_Client\pack\root\uiCubeRenewal.py = ..\..\Project_Client\pack\root\uiCubeRenewal.py
		..\..\Project_Client\pack\root\uiDragonSoul.py = ..\..\Project_Client\pack\root\uiDragonSoul.py
		..\..\Project_Client\pack\root\uiDungeonInfo.py = ..\..\Project_Client\pack\root\uiDungeonInfo.py
		..\..\Project_Client\pack\root\uiElementChange.py = ..\..\Project_Client\pack\root\uiElementChange.py
		..\..\Project_Client\pack\root\uiElementSpellAdd.py = ..\..\Project_Client\pack\root\uiElementSpellAdd.py
		..\..\Project_Client\pack\root\uiEquipmentDialog.py = ..\..\Project_Client\pack\root\uiEquipmentDialog.py
		..\..\Project_Client\pack\root\uiEvent.py = ..\..\Project_Client\pack\root\uiEvent.py
		..\..\Project_Client\pack\root\uiEx.py = ..\..\Project_Client\pack\root\uiEx.py
		..\..\Project_Client\pack\root\uiExchange.py = ..\..\Project_Client\pack\root\uiExchange.py
		..\..\Project_Client\pack\root\uiFishGame.py = ..\..\Project_Client\pack\root\uiFishGame.py
		..\..\Project_Client\pack\root\uiFlowerEvent.py = ..\..\Project_Client\pack\root\uiFlowerEvent.py
		..\..\Project_Client\pack\root\uiFootballEvent.py = ..\..\Project_Client\pack\root\uiFootballEvent.py
		..\..\Project_Client\pack\root\uiGameButton.py = ..\..\Project_Client\pack\root\uiGameButton.py
		..\..\Project_Client\pack\root\uiGameOption.py = ..\..\Project_Client\pack\root\uiGameOption.py
		..\..\Project_Client\pack\root\uiGemShop.py = ..\..\Project_Client\pack\root\uiGemShop.py
		..\..\Project_Client\pack\root\uiGuild.py = ..\..\Project_Client\pack\root\uiGuild.py
		..\..\Project_Client\pack\root\uiGuildBank.py = ..\..\Project_Client\pack\root\uiGuildBank.py
		..\..\Project_Client\pack\root\uiGuildDragonLairRanking.py = ..\..\Project_Client\pack\root\uiGuildDragonLairRanking.py
		..\..\Project_Client\pack\root\uiGuildList.py = ..\..\Project_Client\pack\root\uiGuildList.py
		..\..\Project_Client\pack\root\uiGuildPopup.py = ..\..\Project_Client\pack\root\uiGuildPopup.py
		..\..\Project_Client\pack\root\uiHealth.py = ..\..\Project_Client\pack\root\uiHealth.py
		..\..\Project_Client\pack\root\uiHelp.py = ..\..\Project_Client\pack\root\uiHelp.py
		..\..\Project_Client\pack\root\uiHunting.py = ..\..\Project_Client\pack\root\uiHunting.py
		..\..\Project_Client\pack\root\uiHwidManager.py = ..\..\Project_Client\pack\root\uiHwidManager.py
		..\..\Project_Client\pack\root\uiInGameWiki.py = ..\..\Project_Client\pack\root\uiInGameWiki.py
		..\..\Project_Client\pack\root\uiInGameWikiConfig.py = ..\..\Project_Client\pack\root\uiInGameWikiConfig.py
		..\..\Project_Client\pack\root\uiInGameWikiUI.py = ..\..\Project_Client\pack\root\uiInGameWikiUI.py
		..\..\Project_Client\pack\root\uiInventory.py = ..\..\Project_Client\pack\root\uiInventory.py
		..\..\Project_Client\pack\root\uiItemCombination.py = ..\..\Project_Client\pack\root\uiItemCombination.py
		..\..\Project_Client\pack\root\uiKeyChange.py = ..\..\Project_Client\pack\root\uiKeyChange.py
		..\..\Project_Client\pack\root\uiLottery.py = ..\..\Project_Client\pack\root\uiLottery.py
		..\..\Project_Client\pack\root\uiMailBox.py = ..\..\Project_Client\pack\root\uiMailBox.py
		..\..\Project_Client\pack\root\uiMapNameShower.py = ..\..\Project_Client\pack\root\uiMapNameShower.py
		..\..\Project_Client\pack\root\uiMessenger.py = ..\..\Project_Client\pack\root\uiMessenger.py
		..\..\Project_Client\pack\root\uiMiniGameAttendance.py = ..\..\Project_Client\pack\root\uiMiniGameAttendance.py
		..\..\Project_Client\pack\root\uiMiniGameBNW.py = ..\..\Project_Client\pack\root\uiMiniGameBNW.py
		..\..\Project_Client\pack\root\uiMiniGameCatchKing.py = ..\..\Project_Client\pack\root\uiMiniGameCatchKing.py
		..\..\Project_Client\pack\root\uiMiniGameFindM.py = ..\..\Project_Client\pack\root\uiMiniGameFindM.py
		..\..\Project_Client\pack\root\uiMiniGameFishEvent.py = ..\..\Project_Client\pack\root\uiMiniGameFishEvent.py
		..\..\Project_Client\pack\root\uiMiniGameRoulette.py = ..\..\Project_Client\pack\root\uiMiniGameRoulette.py
		..\..\Project_Client\pack\root\uiMiniGameRumi.py = ..\..\Project_Client\pack\root\uiMiniGameRumi.py
		..\..\Project_Client\pack\root\uiMiniGameYutNori.py = ..\..\Project_Client\pack\root\uiMiniGameYutNori.py
		..\..\Project_Client\pack\root\uiMiniMap.py = ..\..\Project_Client\pack\root\uiMiniMap.py
		..\..\Project_Client\pack\root\uiMyShopDecoration.py = ..\..\Project_Client\pack\root\uiMyShopDecoration.py
		..\..\Project_Client\pack\root\uiNewInventory.py = ..\..\Project_Client\pack\root\uiNewInventory.py
		..\..\Project_Client\pack\root\uiOption.py = ..\..\Project_Client\pack\root\uiOption.py
		..\..\Project_Client\pack\root\uiParty.py = ..\..\Project_Client\pack\root\uiParty.py
		..\..\Project_Client\pack\root\uiPartyMatch.py = ..\..\Project_Client\pack\root\uiPartyMatch.py
		..\..\Project_Client\pack\root\uiPatchNotes.py = ..\..\Project_Client\pack\root\uiPatchNotes.py
		..\..\Project_Client\pack\root\uiPetInfo.py = ..\..\Project_Client\pack\root\uiPetInfo.py
		..\..\Project_Client\pack\root\uiPhaseCurtain.py = ..\..\Project_Client\pack\root\uiPhaseCurtain.py
		..\..\Project_Client\pack\root\uiPickETC.py = ..\..\Project_Client\pack\root\uiPickETC.py
		..\..\Project_Client\pack\root\uiPickMoney.py = ..\..\Project_Client\pack\root\uiPickMoney.py
		..\..\Project_Client\pack\root\uiPlayerGauge.py = ..\..\Project_Client\pack\root\uiPlayerGauge.py
		..\..\Project_Client\pack\root\uiPointReset.py = ..\..\Project_Client\pack\root\uiPointReset.py
		..\..\Project_Client\pack\root\uiPrivateShop.py = ..\..\Project_Client\pack\root\uiPrivateShop.py
		..\..\Project_Client\pack\root\uiPrivateShopBuilder.py = ..\..\Project_Client\pack\root\uiPrivateShopBuilder.py
		..\..\Project_Client\pack\root\uiPrivateShopEditor.py = ..\..\Project_Client\pack\root\uiPrivateShopEditor.py
		..\..\Project_Client\pack\root\uiPrivateShopSearch.py = ..\..\Project_Client\pack\root\uiPrivateShopSearch.py
		..\..\Project_Client\pack\root\uiQuest.py = ..\..\Project_Client\pack\root\uiQuest.py
		..\..\Project_Client\pack\root\uiRankingBoard.py = ..\..\Project_Client\pack\root\uiRankingBoard.py
		..\..\Project_Client\pack\root\uiRefine.py = ..\..\Project_Client\pack\root\uiRefine.py
		..\..\Project_Client\pack\root\uiRestart.py = ..\..\Project_Client\pack\root\uiRestart.py
		..\..\Project_Client\pack\root\uiSafebox.py = ..\..\Project_Client\pack\root\uiSafebox.py
		..\..\Project_Client\pack\root\uiScriptLocale.py = ..\..\Project_Client\pack\root\uiScriptLocale.py
		..\..\Project_Client\pack\root\uiSelectAttr.py = ..\..\Project_Client\pack\root\uiSelectAttr.py
		..\..\Project_Client\pack\root\uiSelectItem.py = ..\..\Project_Client\pack\root\uiSelectItem.py
		..\..\Project_Client\pack\root\uiSelectItemEx.py = ..\..\Project_Client\pack\root\uiSelectItemEx.py
		..\..\Project_Client\pack\root\uiSelectMusic.py = ..\..\Project_Client\pack\root\uiSelectMusic.py
		..\..\Project_Client\pack\root\uiShop.py = ..\..\Project_Client\pack\root\uiShop.py
		..\..\Project_Client\pack\root\uiSkillBookCombination.py = ..\..\Project_Client\pack\root\uiSkillBookCombination.py
		..\..\Project_Client\pack\root\uiSkillColor.py = ..\..\Project_Client\pack\root\uiSkillColor.py
		..\..\Project_Client\pack\root\uiStoneEvent.py = ..\..\Project_Client\pack\root\uiStoneEvent.py
		..\..\Project_Client\pack\root\uiSwitchbot.py = ..\..\Project_Client\pack\root\uiSwitchbot.py
		..\..\Project_Client\pack\root\uiSystem.py = ..\..\Project_Client\pack\root\uiSystem.py
		..\..\Project_Client\pack\root\uiSystemOption.py = ..\..\Project_Client\pack\root\uiSystemOption.py
		..\..\Project_Client\pack\root\uiTarget.py = ..\..\Project_Client\pack\root\uiTarget.py
		..\..\Project_Client\pack\root\uiTaskBar.py = ..\..\Project_Client\pack\root\uiTaskBar.py
		..\..\Project_Client\pack\root\uiTicket.py = ..\..\Project_Client\pack\root\uiTicket.py
		..\..\Project_Client\pack\root\uiTip.py = ..\..\Project_Client\pack\root\uiTip.py
		..\..\Project_Client\pack\root\uiToolTip.py = ..\..\Project_Client\pack\root\uiToolTip.py
		..\..\Project_Client\pack\root\uiUploadMark.py = ..\..\Project_Client\pack\root\uiUploadMark.py
		..\..\Project_Client\pack\root\uiUtils.py = ..\..\Project_Client\pack\root\uiUtils.py
		..\..\Project_Client\pack\root\uiWeb.py = ..\..\Project_Client\pack\root\uiWeb.py
		..\..\Project_Client\pack\root\uiWhisper.py = ..\..\Project_Client\pack\root\uiWhisper.py
		..\..\Project_Client\pack\root\uiWonExchange.py = ..\..\Project_Client\pack\root\uiWonExchange.py
		..\..\Project_Client\pack\root\uiWordGameSystem.py = ..\..\Project_Client\pack\root\uiWordGameSystem.py
		..\..\Project_Client\pack\root\utils.py = ..\..\Project_Client\pack\root\utils.py
	EndProjectSection
EndProject
Project("{2150E333-8FDC-42A3-9474-1A3956D46DE8}") = "uiscript", "uiscript", "{FA28B7BC-FC7A-4BEA-A5BA-ACBFE4A44F26}"
	ProjectSection(SolutionItems) = preProject
		..\..\Project_Client\pack\root\uiscript\12floorinfo.py = ..\..\Project_Client\pack\root\uiscript\12floorinfo.py
		..\..\Project_Client\pack\root\uiscript\12zirewardwindow.py = ..\..\Project_Client\pack\root\uiscript\12zirewardwindow.py
		..\..\Project_Client\pack\root\uiscript\acce_absorbwindow.py = ..\..\Project_Client\pack\root\uiscript\acce_absorbwindow.py
		..\..\Project_Client\pack\root\uiscript\acce_combinewindow.py = ..\..\Project_Client\pack\root\uiscript\acce_combinewindow.py
		..\..\Project_Client\pack\root\uiscript\acceptguildwardialog.py = ..\..\Project_Client\pack\root\uiscript\acceptguildwardialog.py
		..\..\Project_Client\pack\root\uiscript\achievementwindow.py = ..\..\Project_Client\pack\root\uiscript\achievementwindow.py
		..\..\Project_Client\pack\root\uiscript\atlaswindow.py = ..\..\Project_Client\pack\root\uiscript\atlaswindow.py
		..\..\Project_Client\pack\root\uiscript\attachstonedialog.py = ..\..\Project_Client\pack\root\uiscript\attachstonedialog.py
		..\..\Project_Client\pack\root\uiscript\attr67adddialog.py = ..\..\Project_Client\pack\root\uiscript\attr67adddialog.py
		..\..\Project_Client\pack\root\uiscript\auctionwindow.py = ..\..\Project_Client\pack\root\uiscript\auctionwindow.py
		..\..\Project_Client\pack\root\uiscript\auctionwindow_listpage.py = ..\..\Project_Client\pack\root\uiscript\auctionwindow_listpage.py
		..\..\Project_Client\pack\root\uiscript\auctionwindow_registerpage.py = ..\..\Project_Client\pack\root\uiscript\auctionwindow_registerpage.py
		..\..\Project_Client\pack\root\uiscript\auctionwindow_uniqueauctionpage.py = ..\..\Project_Client\pack\root\uiscript\auctionwindow_uniqueauctionpage.py
		..\..\Project_Client\pack\root\uiscript\aura_absorbwindow.py = ..\..\Project_Client\pack\root\uiscript\aura_absorbwindow.py
		..\..\Project_Client\pack\root\uiscript\aura_levelupwindow.py = ..\..\Project_Client\pack\root\uiscript\aura_levelupwindow.py
		..\..\Project_Client\pack\root\uiscript\auraabsorbwindow.py = ..\..\Project_Client\pack\root\uiscript\auraabsorbwindow.py
		..\..\Project_Client\pack\root\uiscript\aurarefinewindow.py = ..\..\Project_Client\pack\root\uiscript\aurarefinewindow.py
		..\..\Project_Client\pack\root\uiscript\autowindow.py = ..\..\Project_Client\pack\root\uiscript\autowindow.py
		..\..\Project_Client\pack\root\uiscript\battlefieldwindow.py = ..\..\Project_Client\pack\root\uiscript\battlefieldwindow.py
		..\..\Project_Client\pack\root\uiscript\battlepasswindow.py = ..\..\Project_Client\pack\root\uiscript\battlepasswindow.py
		..\..\Project_Client\pack\root\uiscript\battleroyale_applicationwindow.py = ..\..\Project_Client\pack\root\uiscript\battleroyale_applicationwindow.py
		..\..\Project_Client\pack\root\uiscript\battleroyale_deadwindow.py = ..\..\Project_Client\pack\root\uiscript\battleroyale_deadwindow.py
		..\..\Project_Client\pack\root\uiscript\battleroyale_killinfowindow.py = ..\..\Project_Client\pack\root\uiscript\battleroyale_killinfowindow.py
		..\..\Project_Client\pack\root\uiscript\bead.py = ..\..\Project_Client\pack\root\uiscript\bead.py
		..\..\Project_Client\pack\root\uiscript\beltinventorywindow.py = ..\..\Project_Client\pack\root\uiscript\beltinventorywindow.py
		..\..\Project_Client\pack\root\uiscript\BiologManagerWindow.py = ..\..\Project_Client\pack\root\uiscript\BiologManagerWindow.py
		..\..\Project_Client\pack\root\uiscript\buildguildbuildingchangewindow.py = ..\..\Project_Client\pack\root\uiscript\buildguildbuildingchangewindow.py
		..\..\Project_Client\pack\root\uiscript\buildguildbuildingwindow.py = ..\..\Project_Client\pack\root\uiscript\buildguildbuildingwindow.py
		..\..\Project_Client\pack\root\uiscript\changegradenamedialog.py = ..\..\Project_Client\pack\root\uiscript\changegradenamedialog.py
		..\..\Project_Client\pack\root\uiscript\changelookwindow.py = ..\..\Project_Client\pack\root\uiscript\changelookwindow.py
		..\..\Project_Client\pack\root\uiscript\changepassworddialog.py = ..\..\Project_Client\pack\root\uiscript\changepassworddialog.py
		..\..\Project_Client\pack\root\uiscript\characterdetailswindow.py = ..\..\Project_Client\pack\root\uiscript\characterdetailswindow.py
		..\..\Project_Client\pack\root\uiscript\characterwindow.py = ..\..\Project_Client\pack\root\uiscript\characterwindow.py
		..\..\Project_Client\pack\root\uiscript\chatsettingwindow.py = ..\..\Project_Client\pack\root\uiscript\chatsettingwindow.py
		..\..\Project_Client\pack\root\uiscript\connectingdialog.py = ..\..\Project_Client\pack\root\uiscript\connectingdialog.py
		..\..\Project_Client\pack\root\uiscript\costumeequipmentdialog.py = ..\..\Project_Client\pack\root\uiscript\costumeequipmentdialog.py
		..\..\Project_Client\pack\root\uiscript\costumewindow.py = ..\..\Project_Client\pack\root\uiscript\costumewindow.py
		..\..\Project_Client\pack\root\uiscript\createcharacterwindow.py = ..\..\Project_Client\pack\root\uiscript\createcharacterwindow.py
		..\..\Project_Client\pack\root\uiscript\cuberenewalwindow.py = ..\..\Project_Client\pack\root\uiscript\cuberenewalwindow.py
		..\..\Project_Client\pack\root\uiscript\cuberesultwindow.py = ..\..\Project_Client\pack\root\uiscript\cuberesultwindow.py
		..\..\Project_Client\pack\root\uiscript\cubewindow.py = ..\..\Project_Client\pack\root\uiscript\cubewindow.py
		..\..\Project_Client\pack\root\uiscript\declareguildwardialog.py = ..\..\Project_Client\pack\root\uiscript\declareguildwardialog.py
		..\..\Project_Client\pack\root\uiscript\declareguildwarselectdialog.py = ..\..\Project_Client\pack\root\uiscript\declareguildwarselectdialog.py
		..\..\Project_Client\pack\root\uiscript\dragonsoulattr.py = ..\..\Project_Client\pack\root\uiscript\dragonsoulattr.py
		..\..\Project_Client\pack\root\uiscript\dragonsoulrefinewindow.py = ..\..\Project_Client\pack\root\uiscript\dragonsoulrefinewindow.py
		..\..\Project_Client\pack\root\uiscript\dragonsoulwindow.py = ..\..\Project_Client\pack\root\uiscript\dragonsoulwindow.py
		..\..\Project_Client\pack\root\uiscript\dungeoninfowindow.py = ..\..\Project_Client\pack\root\uiscript\dungeoninfowindow.py
		..\..\Project_Client\pack\root\uiscript\dungeonrankingwindow.py = ..\..\Project_Client\pack\root\uiscript\dungeonrankingwindow.py
		..\..\Project_Client\pack\root\uiscript\dutchauctionwindow.py = ..\..\Project_Client\pack\root\uiscript\dutchauctionwindow.py
		..\..\Project_Client\pack\root\uiscript\elements_spell_add.py = ..\..\Project_Client\pack\root\uiscript\elements_spell_add.py
		..\..\Project_Client\pack\root\uiscript\energybar.py = ..\..\Project_Client\pack\root\uiscript\energybar.py
		..\..\Project_Client\pack\root\uiscript\equipmentdialog.py = ..\..\Project_Client\pack\root\uiscript\equipmentdialog.py
		..\..\Project_Client\pack\root\uiscript\eventinfodialog.py = ..\..\Project_Client\pack\root\uiscript\eventinfodialog.py
		..\..\Project_Client\pack\root\uiscript\EventOverViewWindow.py = ..\..\Project_Client\pack\root\uiscript\EventOverViewWindow.py
		..\..\Project_Client\pack\root\uiscript\eventrewardlistwindow.py = ..\..\Project_Client\pack\root\uiscript\eventrewardlistwindow.py
		..\..\Project_Client\pack\root\uiscript\exchangedialog.py = ..\..\Project_Client\pack\root\uiscript\exchangedialog.py
		..\..\Project_Client\pack\root\uiscript\expandedmoneytaskbar.py = ..\..\Project_Client\pack\root\uiscript\expandedmoneytaskbar.py
		..\..\Project_Client\pack\root\uiscript\expandedtaskbar.py = ..\..\Project_Client\pack\root\uiscript\expandedtaskbar.py
		..\..\Project_Client\pack\root\uiscript\fishinggamewindow.py = ..\..\Project_Client\pack\root\uiscript\fishinggamewindow.py
		..\..\Project_Client\pack\root\uiscript\fishingwindow.py = ..\..\Project_Client\pack\root\uiscript\fishingwindow.py
		..\..\Project_Client\pack\root\uiscript\flowereventwindow.py = ..\..\Project_Client\pack\root\uiscript\flowereventwindow.py
		..\..\Project_Client\pack\root\uiscript\gameoptiondialog.py = ..\..\Project_Client\pack\root\uiscript\gameoptiondialog.py
		..\..\Project_Client\pack\root\uiscript\gameoptiondialog_formobile.py = ..\..\Project_Client\pack\root\uiscript\gameoptiondialog_formobile.py
		..\..\Project_Client\pack\root\uiscript\gamewindow.py = ..\..\Project_Client\pack\root\uiscript\gamewindow.py
		..\..\Project_Client\pack\root\uiscript\gemshopwindow.py = ..\..\Project_Client\pack\root\uiscript\gemshopwindow.py
		..\..\Project_Client\pack\root\uiscript\giftbox.py = ..\..\Project_Client\pack\root\uiscript\giftbox.py
		..\..\Project_Client\pack\root\uiscript\guilddonatedialog.py = ..\..\Project_Client\pack\root\uiscript\guilddonatedialog.py
		..\..\Project_Client\pack\root\uiscript\guildlanddealdialog.py = ..\..\Project_Client\pack\root\uiscript\guildlanddealdialog.py
		..\..\Project_Client\pack\root\uiscript\guildlanddealvotedialog.py = ..\..\Project_Client\pack\root\uiscript\guildlanddealvotedialog.py
		..\..\Project_Client\pack\root\uiscript\guildpopupdialog.py = ..\..\Project_Client\pack\root\uiscript\guildpopupdialog.py
		..\..\Project_Client\pack\root\uiscript\guildresultpopupdialog.py = ..\..\Project_Client\pack\root\uiscript\guildresultpopupdialog.py
		..\..\Project_Client\pack\root\uiscript\guildstoragewindow.py = ..\..\Project_Client\pack\root\uiscript\guildstoragewindow.py
		..\..\Project_Client\pack\root\uiscript\guildvotepopupdialog.py = ..\..\Project_Client\pack\root\uiscript\guildvotepopupdialog.py
		..\..\Project_Client\pack\root\uiscript\guildvotepopupdialog2.py = ..\..\Project_Client\pack\root\uiscript\guildvotepopupdialog2.py
		..\..\Project_Client\pack\root\uiscript\guildwindow.py = ..\..\Project_Client\pack\root\uiscript\guildwindow.py
		..\..\Project_Client\pack\root\uiscript\guildwindow_baseinfopage.py = ..\..\Project_Client\pack\root\uiscript\guildwindow_baseinfopage.py
		..\..\Project_Client\pack\root\uiscript\guildwindow_boardpage.py = ..\..\Project_Client\pack\root\uiscript\guildwindow_boardpage.py
		..\..\Project_Client\pack\root\uiscript\guildwindow_gradepage.py = ..\..\Project_Client\pack\root\uiscript\guildwindow_gradepage.py
		..\..\Project_Client\pack\root\uiscript\guildwindow_guildbank.py = ..\..\Project_Client\pack\root\uiscript\guildwindow_guildbank.py
		..\..\Project_Client\pack\root\uiscript\guildwindow_guildbanklog.py = ..\..\Project_Client\pack\root\uiscript\guildwindow_guildbanklog.py
		..\..\Project_Client\pack\root\uiscript\guildwindow_guilddragonlairranking.py = ..\..\Project_Client\pack\root\uiscript\guildwindow_guilddragonlairranking.py
		..\..\Project_Client\pack\root\uiscript\guildwindow_guildinfopage.py = ..\..\Project_Client\pack\root\uiscript\guildwindow_guildinfopage.py
		..\..\Project_Client\pack\root\uiscript\guildwindow_guildinfopage_eu.py = ..\..\Project_Client\pack\root\uiscript\guildwindow_guildinfopage_eu.py
		..\..\Project_Client\pack\root\uiscript\guildwindow_guildinfopage_jp.py = ..\..\Project_Client\pack\root\uiscript\guildwindow_guildinfopage_jp.py
		..\..\Project_Client\pack\root\uiscript\guildwindow_guildlistwindow.py = ..\..\Project_Client\pack\root\uiscript\guildwindow_guildlistwindow.py
		..\..\Project_Client\pack\root\uiscript\guildwindow_guildskillpage.py = ..\..\Project_Client\pack\root\uiscript\guildwindow_guildskillpage.py
		..\..\Project_Client\pack\root\uiscript\guildwindow_memberpage.py = ..\..\Project_Client\pack\root\uiscript\guildwindow_memberpage.py
		..\..\Project_Client\pack\root\uiscript\guildwindow_warscoreboard.py = ..\..\Project_Client\pack\root\uiscript\guildwindow_warscoreboard.py
		..\..\Project_Client\pack\root\uiscript\helpwindow.py = ..\..\Project_Client\pack\root\uiscript\helpwindow.py
		..\..\Project_Client\pack\root\uiscript\helpwindow2.py = ..\..\Project_Client\pack\root\uiscript\helpwindow2.py
		..\..\Project_Client\pack\root\uiscript\hwidmanagerdialog.py = ..\..\Project_Client\pack\root\uiscript\hwidmanagerdialog.py
		..\..\Project_Client\pack\root\uiscript\imekor.py = ..\..\Project_Client\pack\root\uiscript\imekor.py
		..\..\Project_Client\pack\root\uiscript\ingameeventdialog.py = ..\..\Project_Client\pack\root\uiscript\ingameeventdialog.py
		..\..\Project_Client\pack\root\uiscript\inputdialog.py = ..\..\Project_Client\pack\root\uiscript\inputdialog.py
		..\..\Project_Client\pack\root\uiscript\inputdialogwithdescription.py = ..\..\Project_Client\pack\root\uiscript\inputdialogwithdescription.py
		..\..\Project_Client\pack\root\uiscript\inputdialogwithdescription2.py = ..\..\Project_Client\pack\root\uiscript\inputdialogwithdescription2.py
		..\..\Project_Client\pack\root\uiscript\inventorywindow.py = ..\..\Project_Client\pack\root\uiscript\inventorywindow.py
		..\..\Project_Client\pack\root\uiscript\inventorywindowex.py = ..\..\Project_Client\pack\root\uiscript\inventorywindowex.py
		..\..\Project_Client\pack\root\uiscript\itemcombinationwindow.py = ..\..\Project_Client\pack\root\uiscript\itemcombinationwindow.py
		..\..\Project_Client\pack\root\uiscript\keychange_window.py = ..\..\Project_Client\pack\root\uiscript\keychange_window.py
		..\..\Project_Client\pack\root\uiscript\kingdomwarscoreboard.py = ..\..\Project_Client\pack\root\uiscript\kingdomwarscoreboard.py
		..\..\Project_Client\pack\root\uiscript\loadingwindow.py = ..\..\Project_Client\pack\root\uiscript\loadingwindow.py
		..\..\Project_Client\pack\root\uiscript\loginwindow.py = ..\..\Project_Client\pack\root\uiscript\loginwindow.py
		..\..\Project_Client\pack\root\uiscript\luckyboxwindow.py = ..\..\Project_Client\pack\root\uiscript\luckyboxwindow.py
		..\..\Project_Client\pack\root\uiscript\mailbox.py = ..\..\Project_Client\pack\root\uiscript\mailbox.py
		..\..\Project_Client\pack\root\uiscript\mallwindow.py = ..\..\Project_Client\pack\root\uiscript\mallwindow.py
		..\..\Project_Client\pack\root\uiscript\marklistwindow.py = ..\..\Project_Client\pack\root\uiscript\marklistwindow.py
		..\..\Project_Client\pack\root\uiscript\messengerwindow.py = ..\..\Project_Client\pack\root\uiscript\messengerwindow.py
		..\..\Project_Client\pack\root\uiscript\minigameattendance.py = ..\..\Project_Client\pack\root\uiscript\minigameattendance.py
		..\..\Project_Client\pack\root\uiscript\minigamebnwgamepage.py = ..\..\Project_Client\pack\root\uiscript\minigamebnwgamepage.py
		..\..\Project_Client\pack\root\uiscript\minigamebnwrankpage.py = ..\..\Project_Client\pack\root\uiscript\minigamebnwrankpage.py
		..\..\Project_Client\pack\root\uiscript\minigamebnwwaitingpage.py = ..\..\Project_Client\pack\root\uiscript\minigamebnwwaitingpage.py
		..\..\Project_Client\pack\root\uiscript\minigamecatchkinggamepage.py = ..\..\Project_Client\pack\root\uiscript\minigamecatchkinggamepage.py
		..\..\Project_Client\pack\root\uiscript\minigamecatchkingsimplewaitingpage.py = ..\..\Project_Client\pack\root\uiscript\minigamecatchkingsimplewaitingpage.py
		..\..\Project_Client\pack\root\uiscript\minigamecatchkingwaitingpage.py = ..\..\Project_Client\pack\root\uiscript\minigamecatchkingwaitingpage.py
		..\..\Project_Client\pack\root\uiscript\minigamefindmdescription.py = ..\..\Project_Client\pack\root\uiscript\minigamefindmdescription.py
		..\..\Project_Client\pack\root\uiscript\minigamefindmmainui.py = ..\..\Project_Client\pack\root\uiscript\minigamefindmmainui.py
		..\..\Project_Client\pack\root\uiscript\minigamefisheventwaitingpage.py = ..\..\Project_Client\pack\root\uiscript\minigamefisheventwaitingpage.py
		..\..\Project_Client\pack\root\uiscript\minigamefishgamepage.py = ..\..\Project_Client\pack\root\uiscript\minigamefishgamepage.py
		..\..\Project_Client\pack\root\uiscript\minigameroulettewindow.py = ..\..\Project_Client\pack\root\uiscript\minigameroulettewindow.py
		..\..\Project_Client\pack\root\uiscript\minigamerumigamepage.py = ..\..\Project_Client\pack\root\uiscript\minigamerumigamepage.py
		..\..\Project_Client\pack\root\uiscript\minigamerumiwaitingpage.py = ..\..\Project_Client\pack\root\uiscript\minigamerumiwaitingpage.py
		..\..\Project_Client\pack\root\uiscript\minigameyutnorigamepage.py = ..\..\Project_Client\pack\root\uiscript\minigameyutnorigamepage.py
		..\..\Project_Client\pack\root\uiscript\minigameyutnoriwaitingpage.py = ..\..\Project_Client\pack\root\uiscript\minigameyutnoriwaitingpage.py
		..\..\Project_Client\pack\root\uiscript\minimap.py = ..\..\Project_Client\pack\root\uiscript\minimap.py
		..\..\Project_Client\pack\root\uiscript\mistsisland_atlaswindow.py = ..\..\Project_Client\pack\root\uiscript\mistsisland_atlaswindow.py
		..\..\Project_Client\pack\root\uiscript\mistsisland_rankwindow.py = ..\..\Project_Client\pack\root\uiscript\mistsisland_rankwindow.py
		..\..\Project_Client\pack\root\uiscript\mistsisland_scorewindow.py = ..\..\Project_Client\pack\root\uiscript\mistsisland_scorewindow.py
		..\..\Project_Client\pack\root\uiscript\moneyinputdialog.py = ..\..\Project_Client\pack\root\uiscript\moneyinputdialog.py
		..\..\Project_Client\pack\root\uiscript\mousebuttonwindow.py = ..\..\Project_Client\pack\root\uiscript\mousebuttonwindow.py
		..\..\Project_Client\pack\root\uiscript\movechanneldialog.py = ..\..\Project_Client\pack\root\uiscript\movechanneldialog.py
		..\..\Project_Client\pack\root\uiscript\musiclistwindow.py = ..\..\Project_Client\pack\root\uiscript\musiclistwindow.py
		..\..\Project_Client\pack\root\uiscript\myshopdecorationwindow.py = ..\..\Project_Client\pack\root\uiscript\myshopdecorationwindow.py
		..\..\Project_Client\pack\root\uiscript\new_createcharacterwindow.py = ..\..\Project_Client\pack\root\uiscript\new_createcharacterwindow.py
		..\..\Project_Client\pack\root\uiscript\new_selectcharacterwindow.py = ..\..\Project_Client\pack\root\uiscript\new_selectcharacterwindow.py
		..\..\Project_Client\pack\root\uiscript\newtaskbar.py = ..\..\Project_Client\pack\root\uiscript\newtaskbar.py
		..\..\Project_Client\pack\root\uiscript\partymatchwindow.py = ..\..\Project_Client\pack\root\uiscript\partymatchwindow.py
		..\..\Project_Client\pack\root\uiscript\partymemberinfoboard.py = ..\..\Project_Client\pack\root\uiscript\partymemberinfoboard.py
		..\..\Project_Client\pack\root\uiscript\passworddialog.py = ..\..\Project_Client\pack\root\uiscript\passworddialog.py
		..\..\Project_Client\pack\root\uiscript\patchnotes.py = ..\..\Project_Client\pack\root\uiscript\patchnotes.py
		..\..\Project_Client\pack\root\uiscript\petfeedwindow.py = ..\..\Project_Client\pack\root\uiscript\petfeedwindow.py
		..\..\Project_Client\pack\root\uiscript\pethatchingwindow.py = ..\..\Project_Client\pack\root\uiscript\pethatchingwindow.py
		..\..\Project_Client\pack\root\uiscript\petinformationwindow.py = ..\..\Project_Client\pack\root\uiscript\petinformationwindow.py
		..\..\Project_Client\pack\root\uiscript\petminiinformationwindow.py = ..\..\Project_Client\pack\root\uiscript\petminiinformationwindow.py
		..\..\Project_Client\pack\root\uiscript\petnamechangewindow.py = ..\..\Project_Client\pack\root\uiscript\petnamechangewindow.py
		..\..\Project_Client\pack\root\uiscript\picketcdialog.py = ..\..\Project_Client\pack\root\uiscript\picketcdialog.py
		..\..\Project_Client\pack\root\uiscript\pickmoneydialog.py = ..\..\Project_Client\pack\root\uiscript\pickmoneydialog.py
		..\..\Project_Client\pack\root\uiscript\popupdialog.py = ..\..\Project_Client\pack\root\uiscript\popupdialog.py
		..\..\Project_Client\pack\root\uiscript\popupdialog2.py = ..\..\Project_Client\pack\root\uiscript\popupdialog2.py
		..\..\Project_Client\pack\root\uiscript\postread.py = ..\..\Project_Client\pack\root\uiscript\postread.py
		..\..\Project_Client\pack\root\uiscript\postwrite.py = ..\..\Project_Client\pack\root\uiscript\postwrite.py
		..\..\Project_Client\pack\root\uiscript\premiumprivateshopdialog.py = ..\..\Project_Client\pack\root\uiscript\premiumprivateshopdialog.py
		..\..\Project_Client\pack\root\uiscript\premiumprivateshopdialog_new_slot.py = ..\..\Project_Client\pack\root\uiscript\premiumprivateshopdialog_new_slot.py
		..\..\Project_Client\pack\root\uiscript\privateshopbuilder.py = ..\..\Project_Client\pack\root\uiscript\privateshopbuilder.py
		..\..\Project_Client\pack\root\uiscript\privateshopdialog.py = ..\..\Project_Client\pack\root\uiscript\privateshopdialog.py
		..\..\Project_Client\pack\root\uiscript\privateshopsearchdialog.py = ..\..\Project_Client\pack\root\uiscript\privateshopsearchdialog.py
		..\..\Project_Client\pack\root\uiscript\privateshopsearchitemvnumwindow.py = ..\..\Project_Client\pack\root\uiscript\privateshopsearchitemvnumwindow.py
		..\..\Project_Client\pack\root\uiscript\questdialog.py = ..\..\Project_Client\pack\root\uiscript\questdialog.py
		..\..\Project_Client\pack\root\uiscript\questiondialog.py = ..\..\Project_Client\pack\root\uiscript\questiondialog.py
		..\..\Project_Client\pack\root\uiscript\questiondialog2.py = ..\..\Project_Client\pack\root\uiscript\questiondialog2.py
		..\..\Project_Client\pack\root\uiscript\questiondialog4.py = ..\..\Project_Client\pack\root\uiscript\questiondialog4.py
		..\..\Project_Client\pack\root\uiscript\rankingboardwindow.py = ..\..\Project_Client\pack\root\uiscript\rankingboardwindow.py
		..\..\Project_Client\pack\root\uiscript\refinedialog.py = ..\..\Project_Client\pack\root\uiscript\refinedialog.py
		..\..\Project_Client\pack\root\uiscript\refineelementchange.py = ..\..\Project_Client\pack\root\uiscript\refineelementchange.py
		..\..\Project_Client\pack\root\uiscript\restartdialog.py = ..\..\Project_Client\pack\root\uiscript\restartdialog.py
		..\..\Project_Client\pack\root\uiscript\rightmousebuttonwindow.py = ..\..\Project_Client\pack\root\uiscript\rightmousebuttonwindow.py
		..\..\Project_Client\pack\root\uiscript\safeboxwindow.py = ..\..\Project_Client\pack\root\uiscript\safeboxwindow.py
		..\..\Project_Client\pack\root\uiscript\selectattrdialog.py = ..\..\Project_Client\pack\root\uiscript\selectattrdialog.py
		..\..\Project_Client\pack\root\uiscript\selectcharacterwindow.py = ..\..\Project_Client\pack\root\uiscript\selectcharacterwindow.py
		..\..\Project_Client\pack\root\uiscript\selectempirewindow.py = ..\..\Project_Client\pack\root\uiscript\selectempirewindow.py
		..\..\Project_Client\pack\root\uiscript\selectitemwindow.py = ..\..\Project_Client\pack\root\uiscript\selectitemwindow.py
		..\..\Project_Client\pack\root\uiscript\shopdialog.py = ..\..\Project_Client\pack\root\uiscript\shopdialog.py
		..\..\Project_Client\pack\root\uiscript\skillbookcombinationdialog.py = ..\..\Project_Client\pack\root\uiscript\skillbookcombinationdialog.py
		..\..\Project_Client\pack\root\uiscript\skillcolorwindow.py = ..\..\Project_Client\pack\root\uiscript\skillcolorwindow.py
		..\..\Project_Client\pack\root\uiscript\skillpointresetdialog.py = ..\..\Project_Client\pack\root\uiscript\skillpointresetdialog.py
		..\..\Project_Client\pack\root\uiscript\specialgachawindow.py = ..\..\Project_Client\pack\root\uiscript\specialgachawindow.py
		..\..\Project_Client\pack\root\uiscript\stone_event.py = ..\..\Project_Client\pack\root\uiscript\stone_event.py
		..\..\Project_Client\pack\root\uiscript\sungmaheetowerenter.py = ..\..\Project_Client\pack\root\uiscript\sungmaheetowerenter.py
		..\..\Project_Client\pack\root\uiscript\sungmaheetowerinformationboard.py = ..\..\Project_Client\pack\root\uiscript\sungmaheetowerinformationboard.py
		..\..\Project_Client\pack\root\uiscript\systemdialog.py = ..\..\Project_Client\pack\root\uiscript\systemdialog.py
		..\..\Project_Client\pack\root\uiscript\systemdialog_formall.py = ..\..\Project_Client\pack\root\uiscript\systemdialog_formall.py
		..\..\Project_Client\pack\root\uiscript\systemdialog_forportal.py = ..\..\Project_Client\pack\root\uiscript\systemdialog_forportal.py
		..\..\Project_Client\pack\root\uiscript\systemoptiondialog.py = ..\..\Project_Client\pack\root\uiscript\systemoptiondialog.py
		..\..\Project_Client\pack\root\uiscript\taskbar.py = ..\..\Project_Client\pack\root\uiscript\taskbar.py
		..\..\Project_Client\pack\root\uiscript\ticketboard.py = ..\..\Project_Client\pack\root\uiscript\ticketboard.py
		..\..\Project_Client\pack\root\uiscript\ticketboardadmin.py = ..\..\Project_Client\pack\root\uiscript\ticketboardadmin.py
		..\..\Project_Client\pack\root\uiscript\ticketboardinformationsid.py = ..\..\Project_Client\pack\root\uiscript\ticketboardinformationsid.py
		..\..\Project_Client\pack\root\uiscript\topeventi.py = ..\..\Project_Client\pack\root\uiscript\topeventi.py
		..\..\Project_Client\pack\root\uiscript\usersituationnotice.py = ..\..\Project_Client\pack\root\uiscript\usersituationnotice.py
		..\..\Project_Client\pack\root\uiscript\weblinkedbannerwindow.py = ..\..\Project_Client\pack\root\uiscript\weblinkedbannerwindow.py
		..\..\Project_Client\pack\root\uiscript\webwindow.py = ..\..\Project_Client\pack\root\uiscript\webwindow.py
		..\..\Project_Client\pack\root\uiscript\whisperdialog.py = ..\..\Project_Client\pack\root\uiscript\whisperdialog.py
		..\..\Project_Client\pack\root\uiscript\wonexchangewindow.py = ..\..\Project_Client\pack\root\uiscript\wonexchangewindow.py
		..\..\Project_Client\pack\root\uiscript\wordgamesystem.py = ..\..\Project_Client\pack\root\uiscript\wordgamesystem.py
		..\..\Project_Client\pack\root\uiscript\worldbossrankingwindow.py = ..\..\Project_Client\pack\root\uiscript\worldbossrankingwindow.py
		..\..\Project_Client\pack\root\uiscript\worldbosswindow.py = ..\..\Project_Client\pack\root\uiscript\worldbosswindow.py
	EndProjectSection
EndProject
Project("{2150E333-8FDC-42A3-9474-1A3956D46DE8}") = "locale", "locale", "{7F7B6B12-80A0-4317-964B-A9CC1ECEEAE4}"
EndProject
Project("{2150E333-8FDC-42A3-9474-1A3956D46DE8}") = "DE", "DE", "{8867BAA7-3500-4ED5-96EB-FC740D73460F}"
	ProjectSection(SolutionItems) = preProject
		..\..\Project_Client\pack\locale\locale\country\de\itemdesc.txt = ..\..\Project_Client\pack\locale\locale\country\de\itemdesc.txt
		..\..\Project_Client\pack\locale\locale\country\de\locale_game.txt = ..\..\Project_Client\pack\locale\locale\country\de\locale_game.txt
		..\..\Project_Client\pack\locale\locale\country\de\locale_interface.txt = ..\..\Project_Client\pack\locale\locale\country\de\locale_interface.txt
		..\..\Project_Client\pack\locale\locale\country\de\locale_quest.txt = ..\..\Project_Client\pack\locale\locale\country\de\locale_quest.txt
		..\..\Project_Client\pack\locale\locale\country\de\locale_quiz.txt = ..\..\Project_Client\pack\locale\locale\country\de\locale_quiz.txt
		..\..\Project_Client\pack\locale\locale\country\de\locale_string.txt = ..\..\Project_Client\pack\locale\locale\country\de\locale_string.txt
	EndProjectSection
EndProject
Project("{2150E333-8FDC-42A3-9474-1A3956D46DE8}") = "EN", "EN", "{12FAC7D6-8BFF-494E-8DF1-CF43BF214F08}"
	ProjectSection(SolutionItems) = preProject
		..\..\Project_Client\pack\locale\locale\country\en\itemdesc.txt = ..\..\Project_Client\pack\locale\locale\country\en\itemdesc.txt
		..\..\Project_Client\pack\locale\locale\country\en\locale_game.txt = ..\..\Project_Client\pack\locale\locale\country\en\locale_game.txt
		..\..\Project_Client\pack\locale\locale\country\en\locale_interface.txt = ..\..\Project_Client\pack\locale\locale\country\en\locale_interface.txt
		..\..\Project_Client\pack\locale\locale\country\en\locale_quest.txt = ..\..\Project_Client\pack\locale\locale\country\en\locale_quest.txt
		..\..\Project_Client\pack\locale\locale\country\en\locale_quiz.txt = ..\..\Project_Client\pack\locale\locale\country\en\locale_quiz.txt
		..\..\Project_Client\pack\locale\locale\country\en\locale_string.txt = ..\..\Project_Client\pack\locale\locale\country\en\locale_string.txt
	EndProjectSection
EndProject
Global
	GlobalSection(SolutionConfigurationPlatforms) = preSolution
		Debug|Win32 = Debug|Win32
		Debug|x64 = Debug|x64
		Distribute|Win32 = Distribute|Win32
		Distribute|x64 = Distribute|x64
		DLL-Import Debug|Win32 = DLL-Import Debug|Win32
		DLL-Import Debug|x64 = DLL-Import Debug|x64
		DLL-Import Release|Win32 = DLL-Import Release|Win32
		DLL-Import Release|x64 = DLL-Import Release|x64
		MfcDebug|Win32 = MfcDebug|Win32
		MfcDebug|x64 = MfcDebug|x64
		MfcRelease|Win32 = MfcRelease|Win32
		MfcRelease|x64 = MfcRelease|x64
		Release|Win32 = Release|Win32
		Release|x64 = Release|x64
	EndGlobalSection
	GlobalSection(ProjectConfigurationPlatforms) = postSolution
		{D64AE35F-F982-46D4-8E38-09E5C9752955}.Debug|Win32.ActiveCfg = Debug|Win32
		{D64AE35F-F982-46D4-8E38-09E5C9752955}.Debug|Win32.Build.0 = Debug|Win32
		{D64AE35F-F982-46D4-8E38-09E5C9752955}.Debug|x64.ActiveCfg = Debug|Win32
		{D64AE35F-F982-46D4-8E38-09E5C9752955}.Distribute|Win32.ActiveCfg = Distribute|Win32
		{D64AE35F-F982-46D4-8E38-09E5C9752955}.Distribute|Win32.Build.0 = Distribute|Win32
		{D64AE35F-F982-46D4-8E38-09E5C9752955}.Distribute|x64.ActiveCfg = Distribute|Win32
		{D64AE35F-F982-46D4-8E38-09E5C9752955}.DLL-Import Debug|Win32.ActiveCfg = Debug|Win32
		{D64AE35F-F982-46D4-8E38-09E5C9752955}.DLL-Import Debug|Win32.Build.0 = Debug|Win32
		{D64AE35F-F982-46D4-8E38-09E5C9752955}.DLL-Import Debug|x64.ActiveCfg = Debug|Win32
		{D64AE35F-F982-46D4-8E38-09E5C9752955}.DLL-Import Release|Win32.ActiveCfg = Release|Win32
		{D64AE35F-F982-46D4-8E38-09E5C9752955}.DLL-Import Release|Win32.Build.0 = Release|Win32
		{D64AE35F-F982-46D4-8E38-09E5C9752955}.DLL-Import Release|x64.ActiveCfg = Release|Win32
		{D64AE35F-F982-46D4-8E38-09E5C9752955}.MfcDebug|Win32.ActiveCfg = Debug|Win32
		{D64AE35F-F982-46D4-8E38-09E5C9752955}.MfcDebug|Win32.Build.0 = Debug|Win32
		{D64AE35F-F982-46D4-8E38-09E5C9752955}.MfcDebug|x64.ActiveCfg = Debug|Win32
		{D64AE35F-F982-46D4-8E38-09E5C9752955}.MfcRelease|Win32.ActiveCfg = Release|Win32
		{D64AE35F-F982-46D4-8E38-09E5C9752955}.MfcRelease|Win32.Build.0 = Release|Win32
		{D64AE35F-F982-46D4-8E38-09E5C9752955}.MfcRelease|x64.ActiveCfg = Release|Win32
		{D64AE35F-F982-46D4-8E38-09E5C9752955}.Release|Win32.ActiveCfg = Release|Win32
		{D64AE35F-F982-46D4-8E38-09E5C9752955}.Release|Win32.Build.0 = Release|Win32
		{D64AE35F-F982-46D4-8E38-09E5C9752955}.Release|x64.ActiveCfg = Release|Win32
		{D64AE35F-F982-46D4-8E38-09E5C9752955}.Release|x64.Build.0 = Release|Win32
		{790B152D-6582-467F-B767-8603C5A9E613}.Debug|Win32.ActiveCfg = Debug|Win32
		{790B152D-6582-467F-B767-8603C5A9E613}.Debug|Win32.Build.0 = Debug|Win32
		{790B152D-6582-467F-B767-8603C5A9E613}.Debug|x64.ActiveCfg = Debug|Win32
		{790B152D-6582-467F-B767-8603C5A9E613}.Distribute|Win32.ActiveCfg = Distribute|Win32
		{790B152D-6582-467F-B767-8603C5A9E613}.Distribute|Win32.Build.0 = Distribute|Win32
		{790B152D-6582-467F-B767-8603C5A9E613}.Distribute|x64.ActiveCfg = Distribute|Win32
		{790B152D-6582-467F-B767-8603C5A9E613}.DLL-Import Debug|Win32.ActiveCfg = Debug|Win32
		{790B152D-6582-467F-B767-8603C5A9E613}.DLL-Import Debug|Win32.Build.0 = Debug|Win32
		{790B152D-6582-467F-B767-8603C5A9E613}.DLL-Import Debug|x64.ActiveCfg = Debug|Win32
		{790B152D-6582-467F-B767-8603C5A9E613}.DLL-Import Release|Win32.ActiveCfg = Release|Win32
		{790B152D-6582-467F-B767-8603C5A9E613}.DLL-Import Release|Win32.Build.0 = Release|Win32
		{790B152D-6582-467F-B767-8603C5A9E613}.DLL-Import Release|x64.ActiveCfg = Release|Win32
		{790B152D-6582-467F-B767-8603C5A9E613}.MfcDebug|Win32.ActiveCfg = MfcDebug|Win32
		{790B152D-6582-467F-B767-8603C5A9E613}.MfcDebug|Win32.Build.0 = MfcDebug|Win32
		{790B152D-6582-467F-B767-8603C5A9E613}.MfcDebug|x64.ActiveCfg = MfcDebug|Win32
		{790B152D-6582-467F-B767-8603C5A9E613}.MfcRelease|Win32.ActiveCfg = MfcRelease|Win32
		{790B152D-6582-467F-B767-8603C5A9E613}.MfcRelease|Win32.Build.0 = MfcRelease|Win32
		{790B152D-6582-467F-B767-8603C5A9E613}.MfcRelease|x64.ActiveCfg = MfcRelease|Win32
		{790B152D-6582-467F-B767-8603C5A9E613}.Release|Win32.ActiveCfg = Release|Win32
		{790B152D-6582-467F-B767-8603C5A9E613}.Release|Win32.Build.0 = Release|Win32
		{790B152D-6582-467F-B767-8603C5A9E613}.Release|x64.ActiveCfg = Release|Win32
		{790B152D-6582-467F-B767-8603C5A9E613}.Release|x64.Build.0 = Release|Win32
		{4950BA04-3877-4F66-BCA0-60E00DE3770B}.Debug|Win32.ActiveCfg = Debug|Win32
		{4950BA04-3877-4F66-BCA0-60E00DE3770B}.Debug|Win32.Build.0 = Debug|Win32
		{4950BA04-3877-4F66-BCA0-60E00DE3770B}.Debug|x64.ActiveCfg = Debug|Win32
		{4950BA04-3877-4F66-BCA0-60E00DE3770B}.Distribute|Win32.ActiveCfg = Distribute|Win32
		{4950BA04-3877-4F66-BCA0-60E00DE3770B}.Distribute|Win32.Build.0 = Distribute|Win32
		{4950BA04-3877-4F66-BCA0-60E00DE3770B}.Distribute|x64.ActiveCfg = Distribute|Win32
		{4950BA04-3877-4F66-BCA0-60E00DE3770B}.DLL-Import Debug|Win32.ActiveCfg = Debug|Win32
		{4950BA04-3877-4F66-BCA0-60E00DE3770B}.DLL-Import Debug|Win32.Build.0 = Debug|Win32
		{4950BA04-3877-4F66-BCA0-60E00DE3770B}.DLL-Import Debug|x64.ActiveCfg = Debug|Win32
		{4950BA04-3877-4F66-BCA0-60E00DE3770B}.DLL-Import Release|Win32.ActiveCfg = Release|Win32
		{4950BA04-3877-4F66-BCA0-60E00DE3770B}.DLL-Import Release|Win32.Build.0 = Release|Win32
		{4950BA04-3877-4F66-BCA0-60E00DE3770B}.DLL-Import Release|x64.ActiveCfg = Release|Win32
		{4950BA04-3877-4F66-BCA0-60E00DE3770B}.MfcDebug|Win32.ActiveCfg = MfcDebug|Win32
		{4950BA04-3877-4F66-BCA0-60E00DE3770B}.MfcDebug|Win32.Build.0 = MfcDebug|Win32
		{4950BA04-3877-4F66-BCA0-60E00DE3770B}.MfcDebug|x64.ActiveCfg = MfcDebug|Win32
		{4950BA04-3877-4F66-BCA0-60E00DE3770B}.MfcRelease|Win32.ActiveCfg = MfcRelease|Win32
		{4950BA04-3877-4F66-BCA0-60E00DE3770B}.MfcRelease|Win32.Build.0 = MfcRelease|Win32
		{4950BA04-3877-4F66-BCA0-60E00DE3770B}.MfcRelease|x64.ActiveCfg = MfcRelease|Win32
		{4950BA04-3877-4F66-BCA0-60E00DE3770B}.Release|Win32.ActiveCfg = Release|Win32
		{4950BA04-3877-4F66-BCA0-60E00DE3770B}.Release|Win32.Build.0 = Release|Win32
		{4950BA04-3877-4F66-BCA0-60E00DE3770B}.Release|x64.ActiveCfg = Release|Win32
		{4950BA04-3877-4F66-BCA0-60E00DE3770B}.Release|x64.Build.0 = Release|Win32
		{8B1D0DDE-A521-4EB2-9544-F606376278CC}.Debug|Win32.ActiveCfg = Debug|Win32
		{8B1D0DDE-A521-4EB2-9544-F606376278CC}.Debug|Win32.Build.0 = Debug|Win32
		{8B1D0DDE-A521-4EB2-9544-F606376278CC}.Debug|x64.ActiveCfg = Debug|Win32
		{8B1D0DDE-A521-4EB2-9544-F606376278CC}.Distribute|Win32.ActiveCfg = Distribute|Win32
		{8B1D0DDE-A521-4EB2-9544-F606376278CC}.Distribute|Win32.Build.0 = Distribute|Win32
		{8B1D0DDE-A521-4EB2-9544-F606376278CC}.Distribute|x64.ActiveCfg = Distribute|Win32
		{8B1D0DDE-A521-4EB2-9544-F606376278CC}.DLL-Import Debug|Win32.ActiveCfg = Debug|Win32
		{8B1D0DDE-A521-4EB2-9544-F606376278CC}.DLL-Import Debug|Win32.Build.0 = Debug|Win32
		{8B1D0DDE-A521-4EB2-9544-F606376278CC}.DLL-Import Debug|x64.ActiveCfg = Debug|Win32
		{8B1D0DDE-A521-4EB2-9544-F606376278CC}.DLL-Import Release|Win32.ActiveCfg = Release|Win32
		{8B1D0DDE-A521-4EB2-9544-F606376278CC}.DLL-Import Release|Win32.Build.0 = Release|Win32
		{8B1D0DDE-A521-4EB2-9544-F606376278CC}.DLL-Import Release|x64.ActiveCfg = Release|Win32
		{8B1D0DDE-A521-4EB2-9544-F606376278CC}.MfcDebug|Win32.ActiveCfg = MfcDebug|Win32
		{8B1D0DDE-A521-4EB2-9544-F606376278CC}.MfcDebug|Win32.Build.0 = MfcDebug|Win32
		{8B1D0DDE-A521-4EB2-9544-F606376278CC}.MfcDebug|x64.ActiveCfg = MfcDebug|Win32
		{8B1D0DDE-A521-4EB2-9544-F606376278CC}.MfcRelease|Win32.ActiveCfg = MfcRelease|Win32
		{8B1D0DDE-A521-4EB2-9544-F606376278CC}.MfcRelease|Win32.Build.0 = MfcRelease|Win32
		{8B1D0DDE-A521-4EB2-9544-F606376278CC}.MfcRelease|x64.ActiveCfg = MfcRelease|Win32
		{8B1D0DDE-A521-4EB2-9544-F606376278CC}.Release|Win32.ActiveCfg = Release|Win32
		{8B1D0DDE-A521-4EB2-9544-F606376278CC}.Release|Win32.Build.0 = Release|Win32
		{8B1D0DDE-A521-4EB2-9544-F606376278CC}.Release|x64.ActiveCfg = Release|Win32
		{8B1D0DDE-A521-4EB2-9544-F606376278CC}.Release|x64.Build.0 = Release|Win32
		{0FDDD886-1EB5-4655-80C3-EF08087FAEFD}.Debug|Win32.ActiveCfg = Debug|Win32
		{0FDDD886-1EB5-4655-80C3-EF08087FAEFD}.Debug|Win32.Build.0 = Debug|Win32
		{0FDDD886-1EB5-4655-80C3-EF08087FAEFD}.Debug|x64.ActiveCfg = Debug|Win32
		{0FDDD886-1EB5-4655-80C3-EF08087FAEFD}.Distribute|Win32.ActiveCfg = Distribute|Win32
		{0FDDD886-1EB5-4655-80C3-EF08087FAEFD}.Distribute|Win32.Build.0 = Distribute|Win32
		{0FDDD886-1EB5-4655-80C3-EF08087FAEFD}.Distribute|x64.ActiveCfg = Distribute|Win32
		{0FDDD886-1EB5-4655-80C3-EF08087FAEFD}.DLL-Import Debug|Win32.ActiveCfg = Debug|Win32
		{0FDDD886-1EB5-4655-80C3-EF08087FAEFD}.DLL-Import Debug|Win32.Build.0 = Debug|Win32
		{0FDDD886-1EB5-4655-80C3-EF08087FAEFD}.DLL-Import Debug|x64.ActiveCfg = Debug|Win32
		{0FDDD886-1EB5-4655-80C3-EF08087FAEFD}.DLL-Import Release|Win32.ActiveCfg = Release|Win32
		{0FDDD886-1EB5-4655-80C3-EF08087FAEFD}.DLL-Import Release|Win32.Build.0 = Release|Win32
		{0FDDD886-1EB5-4655-80C3-EF08087FAEFD}.DLL-Import Release|x64.ActiveCfg = Release|Win32
		{0FDDD886-1EB5-4655-80C3-EF08087FAEFD}.MfcDebug|Win32.ActiveCfg = MfcDebug|Win32
		{0FDDD886-1EB5-4655-80C3-EF08087FAEFD}.MfcDebug|Win32.Build.0 = MfcDebug|Win32
		{0FDDD886-1EB5-4655-80C3-EF08087FAEFD}.MfcDebug|x64.ActiveCfg = MfcDebug|Win32
		{0FDDD886-1EB5-4655-80C3-EF08087FAEFD}.MfcRelease|Win32.ActiveCfg = MfcRelease|Win32
		{0FDDD886-1EB5-4655-80C3-EF08087FAEFD}.MfcRelease|Win32.Build.0 = MfcRelease|Win32
		{0FDDD886-1EB5-4655-80C3-EF08087FAEFD}.MfcRelease|x64.ActiveCfg = MfcRelease|Win32
		{0FDDD886-1EB5-4655-80C3-EF08087FAEFD}.Release|Win32.ActiveCfg = Release|Win32
		{0FDDD886-1EB5-4655-80C3-EF08087FAEFD}.Release|Win32.Build.0 = Release|Win32
		{0FDDD886-1EB5-4655-80C3-EF08087FAEFD}.Release|x64.ActiveCfg = Release|Win32
		{0FDDD886-1EB5-4655-80C3-EF08087FAEFD}.Release|x64.Build.0 = Release|Win32
		{A5D7AF9F-0A4F-4ED3-B209-2553B1ADD17D}.Debug|Win32.ActiveCfg = Debug|Win32
		{A5D7AF9F-0A4F-4ED3-B209-2553B1ADD17D}.Debug|Win32.Build.0 = Debug|Win32
		{A5D7AF9F-0A4F-4ED3-B209-2553B1ADD17D}.Debug|x64.ActiveCfg = Debug|Win32
		{A5D7AF9F-0A4F-4ED3-B209-2553B1ADD17D}.Distribute|Win32.ActiveCfg = Distribute|Win32
		{A5D7AF9F-0A4F-4ED3-B209-2553B1ADD17D}.Distribute|Win32.Build.0 = Distribute|Win32
		{A5D7AF9F-0A4F-4ED3-B209-2553B1ADD17D}.Distribute|x64.ActiveCfg = Distribute|Win32
		{A5D7AF9F-0A4F-4ED3-B209-2553B1ADD17D}.DLL-Import Debug|Win32.ActiveCfg = Debug|Win32
		{A5D7AF9F-0A4F-4ED3-B209-2553B1ADD17D}.DLL-Import Debug|Win32.Build.0 = Debug|Win32
		{A5D7AF9F-0A4F-4ED3-B209-2553B1ADD17D}.DLL-Import Debug|x64.ActiveCfg = Debug|Win32
		{A5D7AF9F-0A4F-4ED3-B209-2553B1ADD17D}.DLL-Import Release|Win32.ActiveCfg = Release|Win32
		{A5D7AF9F-0A4F-4ED3-B209-2553B1ADD17D}.DLL-Import Release|Win32.Build.0 = Release|Win32
		{A5D7AF9F-0A4F-4ED3-B209-2553B1ADD17D}.DLL-Import Release|x64.ActiveCfg = Release|Win32
		{A5D7AF9F-0A4F-4ED3-B209-2553B1ADD17D}.MfcDebug|Win32.ActiveCfg = MfcDebug|Win32
		{A5D7AF9F-0A4F-4ED3-B209-2553B1ADD17D}.MfcDebug|Win32.Build.0 = MfcDebug|Win32
		{A5D7AF9F-0A4F-4ED3-B209-2553B1ADD17D}.MfcDebug|x64.ActiveCfg = MfcDebug|Win32
		{A5D7AF9F-0A4F-4ED3-B209-2553B1ADD17D}.MfcRelease|Win32.ActiveCfg = MfcRelease|Win32
		{A5D7AF9F-0A4F-4ED3-B209-2553B1ADD17D}.MfcRelease|Win32.Build.0 = MfcRelease|Win32
		{A5D7AF9F-0A4F-4ED3-B209-2553B1ADD17D}.MfcRelease|x64.ActiveCfg = MfcRelease|Win32
		{A5D7AF9F-0A4F-4ED3-B209-2553B1ADD17D}.Release|Win32.ActiveCfg = Release|Win32
		{A5D7AF9F-0A4F-4ED3-B209-2553B1ADD17D}.Release|Win32.Build.0 = Release|Win32
		{A5D7AF9F-0A4F-4ED3-B209-2553B1ADD17D}.Release|x64.ActiveCfg = Release|Win32
		{A5D7AF9F-0A4F-4ED3-B209-2553B1ADD17D}.Release|x64.Build.0 = Release|Win32
		{F6CEB04C-4403-4CD4-84A2-D6A372BD4334}.Debug|Win32.ActiveCfg = Debug|Win32
		{F6CEB04C-4403-4CD4-84A2-D6A372BD4334}.Debug|Win32.Build.0 = Debug|Win32
		{F6CEB04C-4403-4CD4-84A2-D6A372BD4334}.Debug|x64.ActiveCfg = Debug|Win32
		{F6CEB04C-4403-4CD4-84A2-D6A372BD4334}.Distribute|Win32.ActiveCfg = Distribute|Win32
		{F6CEB04C-4403-4CD4-84A2-D6A372BD4334}.Distribute|Win32.Build.0 = Distribute|Win32
		{F6CEB04C-4403-4CD4-84A2-D6A372BD4334}.Distribute|x64.ActiveCfg = Distribute|Win32
		{F6CEB04C-4403-4CD4-84A2-D6A372BD4334}.DLL-Import Debug|Win32.ActiveCfg = Debug|Win32
		{F6CEB04C-4403-4CD4-84A2-D6A372BD4334}.DLL-Import Debug|Win32.Build.0 = Debug|Win32
		{F6CEB04C-4403-4CD4-84A2-D6A372BD4334}.DLL-Import Debug|x64.ActiveCfg = Debug|Win32
		{F6CEB04C-4403-4CD4-84A2-D6A372BD4334}.DLL-Import Release|Win32.ActiveCfg = Release|Win32
		{F6CEB04C-4403-4CD4-84A2-D6A372BD4334}.DLL-Import Release|Win32.Build.0 = Release|Win32
		{F6CEB04C-4403-4CD4-84A2-D6A372BD4334}.DLL-Import Release|x64.ActiveCfg = Release|Win32
		{F6CEB04C-4403-4CD4-84A2-D6A372BD4334}.MfcDebug|Win32.ActiveCfg = Debug|Win32
		{F6CEB04C-4403-4CD4-84A2-D6A372BD4334}.MfcDebug|Win32.Build.0 = Debug|Win32
		{F6CEB04C-4403-4CD4-84A2-D6A372BD4334}.MfcDebug|x64.ActiveCfg = Debug|Win32
		{F6CEB04C-4403-4CD4-84A2-D6A372BD4334}.MfcRelease|Win32.ActiveCfg = Release|Win32
		{F6CEB04C-4403-4CD4-84A2-D6A372BD4334}.MfcRelease|Win32.Build.0 = Release|Win32
		{F6CEB04C-4403-4CD4-84A2-D6A372BD4334}.MfcRelease|x64.ActiveCfg = Release|Win32
		{F6CEB04C-4403-4CD4-84A2-D6A372BD4334}.Release|Win32.ActiveCfg = Release|Win32
		{F6CEB04C-4403-4CD4-84A2-D6A372BD4334}.Release|Win32.Build.0 = Release|Win32
		{F6CEB04C-4403-4CD4-84A2-D6A372BD4334}.Release|x64.ActiveCfg = Release|Win32
		{F6CEB04C-4403-4CD4-84A2-D6A372BD4334}.Release|x64.Build.0 = Release|Win32
		{678C47DC-B3EF-460E-A932-56F3208FC65E}.Debug|Win32.ActiveCfg = Debug|Win32
		{678C47DC-B3EF-460E-A932-56F3208FC65E}.Debug|Win32.Build.0 = Debug|Win32
		{678C47DC-B3EF-460E-A932-56F3208FC65E}.Debug|x64.ActiveCfg = Debug|Win32
		{678C47DC-B3EF-460E-A932-56F3208FC65E}.Distribute|Win32.ActiveCfg = Distribute|Win32
		{678C47DC-B3EF-460E-A932-56F3208FC65E}.Distribute|Win32.Build.0 = Distribute|Win32
		{678C47DC-B3EF-460E-A932-56F3208FC65E}.Distribute|x64.ActiveCfg = Distribute|Win32
		{678C47DC-B3EF-460E-A932-56F3208FC65E}.DLL-Import Debug|Win32.ActiveCfg = Debug|Win32
		{678C47DC-B3EF-460E-A932-56F3208FC65E}.DLL-Import Debug|Win32.Build.0 = Debug|Win32
		{678C47DC-B3EF-460E-A932-56F3208FC65E}.DLL-Import Debug|x64.ActiveCfg = Debug|Win32
		{678C47DC-B3EF-460E-A932-56F3208FC65E}.DLL-Import Release|Win32.ActiveCfg = Release|Win32
		{678C47DC-B3EF-460E-A932-56F3208FC65E}.DLL-Import Release|Win32.Build.0 = Release|Win32
		{678C47DC-B3EF-460E-A932-56F3208FC65E}.DLL-Import Release|x64.ActiveCfg = Release|Win32
		{678C47DC-B3EF-460E-A932-56F3208FC65E}.MfcDebug|Win32.ActiveCfg = MfcDebug|Win32
		{678C47DC-B3EF-460E-A932-56F3208FC65E}.MfcDebug|Win32.Build.0 = MfcDebug|Win32
		{678C47DC-B3EF-460E-A932-56F3208FC65E}.MfcDebug|x64.ActiveCfg = MfcDebug|Win32
		{678C47DC-B3EF-460E-A932-56F3208FC65E}.MfcRelease|Win32.ActiveCfg = MfcRelease|Win32
		{678C47DC-B3EF-460E-A932-56F3208FC65E}.MfcRelease|Win32.Build.0 = MfcRelease|Win32
		{678C47DC-B3EF-460E-A932-56F3208FC65E}.MfcRelease|x64.ActiveCfg = MfcRelease|Win32
		{678C47DC-B3EF-460E-A932-56F3208FC65E}.Release|Win32.ActiveCfg = Release|Win32
		{678C47DC-B3EF-460E-A932-56F3208FC65E}.Release|Win32.Build.0 = Release|Win32
		{678C47DC-B3EF-460E-A932-56F3208FC65E}.Release|x64.ActiveCfg = Release|Win32
		{678C47DC-B3EF-460E-A932-56F3208FC65E}.Release|x64.Build.0 = Release|Win32
		{E1FF7630-628F-4AD0-BF66-F14D86A04035}.Debug|Win32.ActiveCfg = Debug|Win32
		{E1FF7630-628F-4AD0-BF66-F14D86A04035}.Debug|Win32.Build.0 = Debug|Win32
		{E1FF7630-628F-4AD0-BF66-F14D86A04035}.Debug|x64.ActiveCfg = Debug|Win32
		{E1FF7630-628F-4AD0-BF66-F14D86A04035}.Distribute|Win32.ActiveCfg = Distribute|Win32
		{E1FF7630-628F-4AD0-BF66-F14D86A04035}.Distribute|Win32.Build.0 = Distribute|Win32
		{E1FF7630-628F-4AD0-BF66-F14D86A04035}.Distribute|x64.ActiveCfg = Distribute|Win32
		{E1FF7630-628F-4AD0-BF66-F14D86A04035}.DLL-Import Debug|Win32.ActiveCfg = Debug|Win32
		{E1FF7630-628F-4AD0-BF66-F14D86A04035}.DLL-Import Debug|Win32.Build.0 = Debug|Win32
		{E1FF7630-628F-4AD0-BF66-F14D86A04035}.DLL-Import Debug|x64.ActiveCfg = Debug|Win32
		{E1FF7630-628F-4AD0-BF66-F14D86A04035}.DLL-Import Release|Win32.ActiveCfg = Release|Win32
		{E1FF7630-628F-4AD0-BF66-F14D86A04035}.DLL-Import Release|Win32.Build.0 = Release|Win32
		{E1FF7630-628F-4AD0-BF66-F14D86A04035}.DLL-Import Release|x64.ActiveCfg = Release|Win32
		{E1FF7630-628F-4AD0-BF66-F14D86A04035}.MfcDebug|Win32.ActiveCfg = MfcDebug|Win32
		{E1FF7630-628F-4AD0-BF66-F14D86A04035}.MfcDebug|Win32.Build.0 = MfcDebug|Win32
		{E1FF7630-628F-4AD0-BF66-F14D86A04035}.MfcDebug|x64.ActiveCfg = MfcDebug|Win32
		{E1FF7630-628F-4AD0-BF66-F14D86A04035}.MfcRelease|Win32.ActiveCfg = MfcRelease|Win32
		{E1FF7630-628F-4AD0-BF66-F14D86A04035}.MfcRelease|Win32.Build.0 = MfcRelease|Win32
		{E1FF7630-628F-4AD0-BF66-F14D86A04035}.MfcRelease|x64.ActiveCfg = MfcRelease|Win32
		{E1FF7630-628F-4AD0-BF66-F14D86A04035}.Release|Win32.ActiveCfg = Release|Win32
		{E1FF7630-628F-4AD0-BF66-F14D86A04035}.Release|Win32.Build.0 = Release|Win32
		{E1FF7630-628F-4AD0-BF66-F14D86A04035}.Release|x64.ActiveCfg = Release|Win32
		{E1FF7630-628F-4AD0-BF66-F14D86A04035}.Release|x64.Build.0 = Release|Win32
		{FE95382C-8E3E-40AC-8060-634D1A0D4CF5}.Debug|Win32.ActiveCfg = Debug|Win32
		{FE95382C-8E3E-40AC-8060-634D1A0D4CF5}.Debug|Win32.Build.0 = Debug|Win32
		{FE95382C-8E3E-40AC-8060-634D1A0D4CF5}.Debug|x64.ActiveCfg = Debug|Win32
		{FE95382C-8E3E-40AC-8060-634D1A0D4CF5}.Distribute|Win32.ActiveCfg = Distribute|Win32
		{FE95382C-8E3E-40AC-8060-634D1A0D4CF5}.Distribute|Win32.Build.0 = Distribute|Win32
		{FE95382C-8E3E-40AC-8060-634D1A0D4CF5}.Distribute|x64.ActiveCfg = Distribute|Win32
		{FE95382C-8E3E-40AC-8060-634D1A0D4CF5}.DLL-Import Debug|Win32.ActiveCfg = Debug|Win32
		{FE95382C-8E3E-40AC-8060-634D1A0D4CF5}.DLL-Import Debug|Win32.Build.0 = Debug|Win32
		{FE95382C-8E3E-40AC-8060-634D1A0D4CF5}.DLL-Import Debug|x64.ActiveCfg = Debug|Win32
		{FE95382C-8E3E-40AC-8060-634D1A0D4CF5}.DLL-Import Release|Win32.ActiveCfg = Release|Win32
		{FE95382C-8E3E-40AC-8060-634D1A0D4CF5}.DLL-Import Release|Win32.Build.0 = Release|Win32
		{FE95382C-8E3E-40AC-8060-634D1A0D4CF5}.DLL-Import Release|x64.ActiveCfg = Release|Win32
		{FE95382C-8E3E-40AC-8060-634D1A0D4CF5}.MfcDebug|Win32.ActiveCfg = MfcDebug|Win32
		{FE95382C-8E3E-40AC-8060-634D1A0D4CF5}.MfcDebug|Win32.Build.0 = MfcDebug|Win32
		{FE95382C-8E3E-40AC-8060-634D1A0D4CF5}.MfcDebug|x64.ActiveCfg = MfcDebug|Win32
		{FE95382C-8E3E-40AC-8060-634D1A0D4CF5}.MfcRelease|Win32.ActiveCfg = MfcRelease|Win32
		{FE95382C-8E3E-40AC-8060-634D1A0D4CF5}.MfcRelease|Win32.Build.0 = MfcRelease|Win32
		{FE95382C-8E3E-40AC-8060-634D1A0D4CF5}.MfcRelease|x64.ActiveCfg = MfcRelease|Win32
		{FE95382C-8E3E-40AC-8060-634D1A0D4CF5}.Release|Win32.ActiveCfg = Release|Win32
		{FE95382C-8E3E-40AC-8060-634D1A0D4CF5}.Release|Win32.Build.0 = Release|Win32
		{FE95382C-8E3E-40AC-8060-634D1A0D4CF5}.Release|x64.ActiveCfg = Release|Win32
		{FE95382C-8E3E-40AC-8060-634D1A0D4CF5}.Release|x64.Build.0 = Release|Win32
		{24516A87-8544-46A9-A0C8-0A01269642D9}.Debug|Win32.ActiveCfg = Debug|Win32
		{24516A87-8544-46A9-A0C8-0A01269642D9}.Debug|Win32.Build.0 = Debug|Win32
		{24516A87-8544-46A9-A0C8-0A01269642D9}.Debug|x64.ActiveCfg = Debug|Win32
		{24516A87-8544-46A9-A0C8-0A01269642D9}.Distribute|Win32.ActiveCfg = Distribute|Win32
		{24516A87-8544-46A9-A0C8-0A01269642D9}.Distribute|Win32.Build.0 = Distribute|Win32
		{24516A87-8544-46A9-A0C8-0A01269642D9}.Distribute|x64.ActiveCfg = Distribute|Win32
		{24516A87-8544-46A9-A0C8-0A01269642D9}.DLL-Import Debug|Win32.ActiveCfg = Debug|Win32
		{24516A87-8544-46A9-A0C8-0A01269642D9}.DLL-Import Debug|Win32.Build.0 = Debug|Win32
		{24516A87-8544-46A9-A0C8-0A01269642D9}.DLL-Import Debug|x64.ActiveCfg = Debug|Win32
		{24516A87-8544-46A9-A0C8-0A01269642D9}.DLL-Import Release|Win32.ActiveCfg = Release|Win32
		{24516A87-8544-46A9-A0C8-0A01269642D9}.DLL-Import Release|Win32.Build.0 = Release|Win32
		{24516A87-8544-46A9-A0C8-0A01269642D9}.DLL-Import Release|x64.ActiveCfg = Release|Win32
		{24516A87-8544-46A9-A0C8-0A01269642D9}.MfcDebug|Win32.ActiveCfg = MfcDebug|Win32
		{24516A87-8544-46A9-A0C8-0A01269642D9}.MfcDebug|Win32.Build.0 = MfcDebug|Win32
		{24516A87-8544-46A9-A0C8-0A01269642D9}.MfcDebug|x64.ActiveCfg = MfcDebug|Win32
		{24516A87-8544-46A9-A0C8-0A01269642D9}.MfcRelease|Win32.ActiveCfg = MfcRelease|Win32
		{24516A87-8544-46A9-A0C8-0A01269642D9}.MfcRelease|Win32.Build.0 = MfcRelease|Win32
		{24516A87-8544-46A9-A0C8-0A01269642D9}.MfcRelease|x64.ActiveCfg = MfcRelease|Win32
		{24516A87-8544-46A9-A0C8-0A01269642D9}.Release|Win32.ActiveCfg = Release|Win32
		{24516A87-8544-46A9-A0C8-0A01269642D9}.Release|Win32.Build.0 = Release|Win32
		{24516A87-8544-46A9-A0C8-0A01269642D9}.Release|x64.ActiveCfg = Release|Win32
		{24516A87-8544-46A9-A0C8-0A01269642D9}.Release|x64.Build.0 = Release|Win32
		{887F89DF-A1A2-47DF-A869-F3FC84704E3E}.Debug|Win32.ActiveCfg = Debug|Win32
		{887F89DF-A1A2-47DF-A869-F3FC84704E3E}.Debug|Win32.Build.0 = Debug|Win32
		{887F89DF-A1A2-47DF-A869-F3FC84704E3E}.Debug|x64.ActiveCfg = Debug|Win32
		{887F89DF-A1A2-47DF-A869-F3FC84704E3E}.Distribute|Win32.ActiveCfg = Distribute|Win32
		{887F89DF-A1A2-47DF-A869-F3FC84704E3E}.Distribute|Win32.Build.0 = Distribute|Win32
		{887F89DF-A1A2-47DF-A869-F3FC84704E3E}.Distribute|x64.ActiveCfg = Distribute|Win32
		{887F89DF-A1A2-47DF-A869-F3FC84704E3E}.DLL-Import Debug|Win32.ActiveCfg = Debug|Win32
		{887F89DF-A1A2-47DF-A869-F3FC84704E3E}.DLL-Import Debug|Win32.Build.0 = Debug|Win32
		{887F89DF-A1A2-47DF-A869-F3FC84704E3E}.DLL-Import Debug|x64.ActiveCfg = Debug|Win32
		{887F89DF-A1A2-47DF-A869-F3FC84704E3E}.DLL-Import Release|Win32.ActiveCfg = Release|Win32
		{887F89DF-A1A2-47DF-A869-F3FC84704E3E}.DLL-Import Release|Win32.Build.0 = Release|Win32
		{887F89DF-A1A2-47DF-A869-F3FC84704E3E}.DLL-Import Release|x64.ActiveCfg = Release|Win32
		{887F89DF-A1A2-47DF-A869-F3FC84704E3E}.MfcDebug|Win32.ActiveCfg = MfcDebug|Win32
		{887F89DF-A1A2-47DF-A869-F3FC84704E3E}.MfcDebug|Win32.Build.0 = MfcDebug|Win32
		{887F89DF-A1A2-47DF-A869-F3FC84704E3E}.MfcDebug|x64.ActiveCfg = MfcDebug|Win32
		{887F89DF-A1A2-47DF-A869-F3FC84704E3E}.MfcRelease|Win32.ActiveCfg = MfcRelease|Win32
		{887F89DF-A1A2-47DF-A869-F3FC84704E3E}.MfcRelease|Win32.Build.0 = MfcRelease|Win32
		{887F89DF-A1A2-47DF-A869-F3FC84704E3E}.MfcRelease|x64.ActiveCfg = MfcRelease|Win32
		{887F89DF-A1A2-47DF-A869-F3FC84704E3E}.Release|Win32.ActiveCfg = Release|Win32
		{887F89DF-A1A2-47DF-A869-F3FC84704E3E}.Release|Win32.Build.0 = Release|Win32
		{887F89DF-A1A2-47DF-A869-F3FC84704E3E}.Release|x64.ActiveCfg = Release|Win32
		{887F89DF-A1A2-47DF-A869-F3FC84704E3E}.Release|x64.Build.0 = Release|Win32
		{1801F0ED-7DE6-4175-BF25-6FA98AAA350B}.Debug|Win32.ActiveCfg = Debug|Win32
		{1801F0ED-7DE6-4175-BF25-6FA98AAA350B}.Debug|Win32.Build.0 = Debug|Win32
		{1801F0ED-7DE6-4175-BF25-6FA98AAA350B}.Debug|x64.ActiveCfg = Debug|Win32
		{1801F0ED-7DE6-4175-BF25-6FA98AAA350B}.Distribute|Win32.ActiveCfg = Distribute|Win32
		{1801F0ED-7DE6-4175-BF25-6FA98AAA350B}.Distribute|Win32.Build.0 = Distribute|Win32
		{1801F0ED-7DE6-4175-BF25-6FA98AAA350B}.Distribute|x64.ActiveCfg = Distribute|Win32
		{1801F0ED-7DE6-4175-BF25-6FA98AAA350B}.DLL-Import Debug|Win32.ActiveCfg = Debug|Win32
		{1801F0ED-7DE6-4175-BF25-6FA98AAA350B}.DLL-Import Debug|Win32.Build.0 = Debug|Win32
		{1801F0ED-7DE6-4175-BF25-6FA98AAA350B}.DLL-Import Debug|x64.ActiveCfg = Debug|Win32
		{1801F0ED-7DE6-4175-BF25-6FA98AAA350B}.DLL-Import Release|Win32.ActiveCfg = Release|Win32
		{1801F0ED-7DE6-4175-BF25-6FA98AAA350B}.DLL-Import Release|Win32.Build.0 = Release|Win32
		{1801F0ED-7DE6-4175-BF25-6FA98AAA350B}.DLL-Import Release|x64.ActiveCfg = Release|Win32
		{1801F0ED-7DE6-4175-BF25-6FA98AAA350B}.MfcDebug|Win32.ActiveCfg = MfcDebug|Win32
		{1801F0ED-7DE6-4175-BF25-6FA98AAA350B}.MfcDebug|Win32.Build.0 = MfcDebug|Win32
		{1801F0ED-7DE6-4175-BF25-6FA98AAA350B}.MfcDebug|x64.ActiveCfg = MfcDebug|Win32
		{1801F0ED-7DE6-4175-BF25-6FA98AAA350B}.MfcRelease|Win32.ActiveCfg = MfcRelease|Win32
		{1801F0ED-7DE6-4175-BF25-6FA98AAA350B}.MfcRelease|Win32.Build.0 = MfcRelease|Win32
		{1801F0ED-7DE6-4175-BF25-6FA98AAA350B}.MfcRelease|x64.ActiveCfg = MfcRelease|Win32
		{1801F0ED-7DE6-4175-BF25-6FA98AAA350B}.Release|Win32.ActiveCfg = Release|Win32
		{1801F0ED-7DE6-4175-BF25-6FA98AAA350B}.Release|Win32.Build.0 = Release|Win32
		{1801F0ED-7DE6-4175-BF25-6FA98AAA350B}.Release|x64.ActiveCfg = Release|Win32
		{1801F0ED-7DE6-4175-BF25-6FA98AAA350B}.Release|x64.Build.0 = Release|Win32
		{9189BA90-1997-4B47-A673-A54C7DF4A4F7}.Debug|Win32.ActiveCfg = Debug|Win32
		{9189BA90-1997-4B47-A673-A54C7DF4A4F7}.Debug|Win32.Build.0 = Debug|Win32
		{9189BA90-1997-4B47-A673-A54C7DF4A4F7}.Debug|x64.ActiveCfg = Debug|Win32
		{9189BA90-1997-4B47-A673-A54C7DF4A4F7}.Distribute|Win32.ActiveCfg = Distribute|Win32
		{9189BA90-1997-4B47-A673-A54C7DF4A4F7}.Distribute|Win32.Build.0 = Distribute|Win32
		{9189BA90-1997-4B47-A673-A54C7DF4A4F7}.Distribute|x64.ActiveCfg = Distribute|Win32
		{9189BA90-1997-4B47-A673-A54C7DF4A4F7}.DLL-Import Debug|Win32.ActiveCfg = Debug|Win32
		{9189BA90-1997-4B47-A673-A54C7DF4A4F7}.DLL-Import Debug|Win32.Build.0 = Debug|Win32
		{9189BA90-1997-4B47-A673-A54C7DF4A4F7}.DLL-Import Debug|x64.ActiveCfg = Debug|Win32
		{9189BA90-1997-4B47-A673-A54C7DF4A4F7}.DLL-Import Release|Win32.ActiveCfg = Release|Win32
		{9189BA90-1997-4B47-A673-A54C7DF4A4F7}.DLL-Import Release|Win32.Build.0 = Release|Win32
		{9189BA90-1997-4B47-A673-A54C7DF4A4F7}.DLL-Import Release|x64.ActiveCfg = Release|Win32
		{9189BA90-1997-4B47-A673-A54C7DF4A4F7}.MfcDebug|Win32.ActiveCfg = MfcDebug|Win32
		{9189BA90-1997-4B47-A673-A54C7DF4A4F7}.MfcDebug|Win32.Build.0 = MfcDebug|Win32
		{9189BA90-1997-4B47-A673-A54C7DF4A4F7}.MfcDebug|x64.ActiveCfg = MfcDebug|Win32
		{9189BA90-1997-4B47-A673-A54C7DF4A4F7}.MfcRelease|Win32.ActiveCfg = MfcRelease|Win32
		{9189BA90-1997-4B47-A673-A54C7DF4A4F7}.MfcRelease|Win32.Build.0 = MfcRelease|Win32
		{9189BA90-1997-4B47-A673-A54C7DF4A4F7}.MfcRelease|x64.ActiveCfg = MfcRelease|Win32
		{9189BA90-1997-4B47-A673-A54C7DF4A4F7}.Release|Win32.ActiveCfg = Release|Win32
		{9189BA90-1997-4B47-A673-A54C7DF4A4F7}.Release|Win32.Build.0 = Release|Win32
		{9189BA90-1997-4B47-A673-A54C7DF4A4F7}.Release|x64.ActiveCfg = Release|Win32
		{9189BA90-1997-4B47-A673-A54C7DF4A4F7}.Release|x64.Build.0 = Release|Win32
		{E682CEA2-1D79-4DE9-A2CE-6AED27E4170E}.Debug|Win32.ActiveCfg = Debug|Win32
		{E682CEA2-1D79-4DE9-A2CE-6AED27E4170E}.Debug|Win32.Build.0 = Debug|Win32
		{E682CEA2-1D79-4DE9-A2CE-6AED27E4170E}.Debug|x64.ActiveCfg = Debug|Win32
		{E682CEA2-1D79-4DE9-A2CE-6AED27E4170E}.Distribute|Win32.ActiveCfg = Distribute|Win32
		{E682CEA2-1D79-4DE9-A2CE-6AED27E4170E}.Distribute|Win32.Build.0 = Distribute|Win32
		{E682CEA2-1D79-4DE9-A2CE-6AED27E4170E}.Distribute|x64.ActiveCfg = Distribute|Win32
		{E682CEA2-1D79-4DE9-A2CE-6AED27E4170E}.DLL-Import Debug|Win32.ActiveCfg = Debug|Win32
		{E682CEA2-1D79-4DE9-A2CE-6AED27E4170E}.DLL-Import Debug|Win32.Build.0 = Debug|Win32
		{E682CEA2-1D79-4DE9-A2CE-6AED27E4170E}.DLL-Import Debug|x64.ActiveCfg = Debug|Win32
		{E682CEA2-1D79-4DE9-A2CE-6AED27E4170E}.DLL-Import Release|Win32.ActiveCfg = Release|Win32
		{E682CEA2-1D79-4DE9-A2CE-6AED27E4170E}.DLL-Import Release|Win32.Build.0 = Release|Win32
		{E682CEA2-1D79-4DE9-A2CE-6AED27E4170E}.DLL-Import Release|x64.ActiveCfg = Release|Win32
		{E682CEA2-1D79-4DE9-A2CE-6AED27E4170E}.MfcDebug|Win32.ActiveCfg = MfcDebug|Win32
		{E682CEA2-1D79-4DE9-A2CE-6AED27E4170E}.MfcDebug|Win32.Build.0 = MfcDebug|Win32
		{E682CEA2-1D79-4DE9-A2CE-6AED27E4170E}.MfcDebug|x64.ActiveCfg = MfcDebug|Win32
		{E682CEA2-1D79-4DE9-A2CE-6AED27E4170E}.MfcRelease|Win32.ActiveCfg = MfcRelease|Win32
		{E682CEA2-1D79-4DE9-A2CE-6AED27E4170E}.MfcRelease|Win32.Build.0 = MfcRelease|Win32
		{E682CEA2-1D79-4DE9-A2CE-6AED27E4170E}.MfcRelease|x64.ActiveCfg = MfcRelease|Win32
		{E682CEA2-1D79-4DE9-A2CE-6AED27E4170E}.Release|Win32.ActiveCfg = Release|Win32
		{E682CEA2-1D79-4DE9-A2CE-6AED27E4170E}.Release|Win32.Build.0 = Release|Win32
		{E682CEA2-1D79-4DE9-A2CE-6AED27E4170E}.Release|x64.ActiveCfg = Release|Win32
		{E682CEA2-1D79-4DE9-A2CE-6AED27E4170E}.Release|x64.Build.0 = Release|Win32
		{05207E97-C83A-49C6-8E08-403679963A7B}.Debug|Win32.ActiveCfg = Debug|Win32
		{05207E97-C83A-49C6-8E08-403679963A7B}.Debug|Win32.Build.0 = Debug|Win32
		{05207E97-C83A-49C6-8E08-403679963A7B}.Debug|x64.ActiveCfg = Debug|Win32
		{05207E97-C83A-49C6-8E08-403679963A7B}.Distribute|Win32.ActiveCfg = Distribute|Win32
		{05207E97-C83A-49C6-8E08-403679963A7B}.Distribute|Win32.Build.0 = Distribute|Win32
		{05207E97-C83A-49C6-8E08-403679963A7B}.Distribute|x64.ActiveCfg = Distribute|Win32
		{05207E97-C83A-49C6-8E08-403679963A7B}.DLL-Import Debug|Win32.ActiveCfg = Debug|Win32
		{05207E97-C83A-49C6-8E08-403679963A7B}.DLL-Import Debug|Win32.Build.0 = Debug|Win32
		{05207E97-C83A-49C6-8E08-403679963A7B}.DLL-Import Debug|x64.ActiveCfg = Debug|Win32
		{05207E97-C83A-49C6-8E08-403679963A7B}.DLL-Import Release|Win32.ActiveCfg = Release|Win32
		{05207E97-C83A-49C6-8E08-403679963A7B}.DLL-Import Release|Win32.Build.0 = Release|Win32
		{05207E97-C83A-49C6-8E08-403679963A7B}.DLL-Import Release|x64.ActiveCfg = Release|Win32
		{05207E97-C83A-49C6-8E08-403679963A7B}.MfcDebug|Win32.ActiveCfg = MfcDebug|Win32
		{05207E97-C83A-49C6-8E08-403679963A7B}.MfcDebug|Win32.Build.0 = MfcDebug|Win32
		{05207E97-C83A-49C6-8E08-403679963A7B}.MfcDebug|x64.ActiveCfg = MfcDebug|Win32
		{05207E97-C83A-49C6-8E08-403679963A7B}.MfcRelease|Win32.ActiveCfg = MfcRelease|Win32
		{05207E97-C83A-49C6-8E08-403679963A7B}.MfcRelease|Win32.Build.0 = MfcRelease|Win32
		{05207E97-C83A-49C6-8E08-403679963A7B}.MfcRelease|x64.ActiveCfg = MfcRelease|Win32
		{05207E97-C83A-49C6-8E08-403679963A7B}.Release|Win32.ActiveCfg = Release|Win32
		{05207E97-C83A-49C6-8E08-403679963A7B}.Release|Win32.Build.0 = Release|Win32
		{05207E97-C83A-49C6-8E08-403679963A7B}.Release|x64.ActiveCfg = Release|Win32
		{05207E97-C83A-49C6-8E08-403679963A7B}.Release|x64.Build.0 = Release|Win32
	EndGlobalSection
	GlobalSection(SolutionProperties) = preSolution
		HideSolutionNode = FALSE
	EndGlobalSection
	GlobalSection(NestedProjects) = preSolution
		{8867BAA7-3500-4ED5-96EB-FC740D73460F} = {7F7B6B12-80A0-4317-964B-A9CC1ECEEAE4}
		{12FAC7D6-8BFF-494E-8DF1-CF43BF214F08} = {7F7B6B12-80A0-4317-964B-A9CC1ECEEAE4}
	EndGlobalSection
	GlobalSection(ExtensibilityGlobals) = postSolution
		SolutionGuid = {58931C47-F597-4DF1-8905-4D97EFFEC92E}
	EndGlobalSection
EndGlobal
